// !$*UTF8*$!
{
	archiveVersion = 1;
	classes = {
	};
	objectVersion = 56;
	objects = {

/* Begin PBXBuildFile section */
		1334334A29B4FBC500F26F57 /* Modal.swift in Sources */ = {isa = PBXBuildFile; fileRef = 1334334929B4FBC500F26F57 /* Modal.swift */; };
		1334334C29B5A02400F26F57 /* Tab.swift in Sources */ = {isa = PBXBuildFile; fileRef = 1334334B29B5A02400F26F57 /* Tab.swift */; };
		1334334F29B5A0AC00F26F57 /* CheckListView.swift in Sources */ = {isa = PBXBuildFile; fileRef = 1334334E29B5A0AC00F26F57 /* CheckListView.swift */; };
		1334335329B5A20800F26F57 /* Todo.swift in Sources */ = {isa = PBXBuildFile; fileRef = 1334335229B5A20800F26F57 /* Todo.swift */; };
		137611EF29B5CB90008787BD /* TodoService.swift in Sources */ = {isa = PBXBuildFile; fileRef = 137611EE29B5CB90008787BD /* TodoService.swift */; };
		137611F129B5FD1E008787BD /* CheckListViewModel.swift in Sources */ = {isa = PBXBuildFile; fileRef = 137611F029B5FD1E008787BD /* CheckListViewModel.swift */; };
		137611F329B600E9008787BD /* User.swift in Sources */ = {isa = PBXBuildFile; fileRef = 137611F229B600E9008787BD /* User.swift */; };
		137611F529B6051F008787BD /* TodoLog.swift in Sources */ = {isa = PBXBuildFile; fileRef = 137611F429B6051F008787BD /* TodoLog.swift */; };
		137611F729B615F8008787BD /* tagWithTodo.swift in Sources */ = {isa = PBXBuildFile; fileRef = 137611F629B615F8008787BD /* tagWithTodo.swift */; };
		137611F929B61674008787BD /* SubTodo.swift in Sources */ = {isa = PBXBuildFile; fileRef = 137611F829B61674008787BD /* SubTodo.swift */; };
		137611FB29B61705008787BD /* Tag.swift in Sources */ = {isa = PBXBuildFile; fileRef = 137611FA29B61705008787BD /* Tag.swift */; };
		137611FD29B6253E008787BD /* TodoView.swift in Sources */ = {isa = PBXBuildFile; fileRef = 137611FC29B6253E008787BD /* TodoView.swift */; };
		1376120129B64400008787BD /* AnyTransition.swift in Sources */ = {isa = PBXBuildFile; fileRef = 1376120029B64400008787BD /* AnyTransition.swift */; };
		13AE615629B489D500C08EB1 /* HaruApp.swift in Sources */ = {isa = PBXBuildFile; fileRef = 13AE615529B489D500C08EB1 /* HaruApp.swift */; };
		13AE615A29B489D500C08EB1 /* Assets.xcassets in Resources */ = {isa = PBXBuildFile; fileRef = 13AE615929B489D500C08EB1 /* Assets.xcassets */; };
		13AE615D29B489D500C08EB1 /* Preview Assets.xcassets in Resources */ = {isa = PBXBuildFile; fileRef = 13AE615C29B489D500C08EB1 /* Preview Assets.xcassets */; };
		13AE616F29B48CA100C08EB1 /* Color.swift in Sources */ = {isa = PBXBuildFile; fileRef = 13AE616E29B48CA100C08EB1 /* Color.swift */; };
		13AE617229B48D2300C08EB1 /* Calendar.swift in Sources */ = {isa = PBXBuildFile; fileRef = 13AE617129B48D2300C08EB1 /* Calendar.swift */; };
		13AE617D29B498FC00C08EB1 /* RootView.swift in Sources */ = {isa = PBXBuildFile; fileRef = 13AE617C29B498FC00C08EB1 /* RootView.swift */; };
/* End PBXBuildFile section */

/* Begin PBXFileReference section */
		1334334929B4FBC500F26F57 /* Modal.swift */ = {isa = PBXFileReference; lastKnownFileType = sourcecode.swift; path = Modal.swift; sourceTree = "<group>"; };
		1334334B29B5A02400F26F57 /* Tab.swift */ = {isa = PBXFileReference; lastKnownFileType = sourcecode.swift; path = Tab.swift; sourceTree = "<group>"; };
		1334334E29B5A0AC00F26F57 /* CheckListView.swift */ = {isa = PBXFileReference; lastKnownFileType = sourcecode.swift; path = CheckListView.swift; sourceTree = "<group>"; };
		1334335229B5A20800F26F57 /* Todo.swift */ = {isa = PBXFileReference; lastKnownFileType = sourcecode.swift; path = Todo.swift; sourceTree = "<group>"; };
		137611EE29B5CB90008787BD /* TodoService.swift */ = {isa = PBXFileReference; lastKnownFileType = sourcecode.swift; path = TodoService.swift; sourceTree = "<group>"; };
		137611F029B5FD1E008787BD /* CheckListViewModel.swift */ = {isa = PBXFileReference; lastKnownFileType = sourcecode.swift; path = CheckListViewModel.swift; sourceTree = "<group>"; };
		137611F229B600E9008787BD /* User.swift */ = {isa = PBXFileReference; lastKnownFileType = sourcecode.swift; path = User.swift; sourceTree = "<group>"; };
		137611F429B6051F008787BD /* TodoLog.swift */ = {isa = PBXFileReference; lastKnownFileType = sourcecode.swift; path = TodoLog.swift; sourceTree = "<group>"; };
		137611F629B615F8008787BD /* tagWithTodo.swift */ = {isa = PBXFileReference; lastKnownFileType = sourcecode.swift; path = tagWithTodo.swift; sourceTree = "<group>"; };
		137611F829B61674008787BD /* SubTodo.swift */ = {isa = PBXFileReference; lastKnownFileType = sourcecode.swift; path = SubTodo.swift; sourceTree = "<group>"; };
		137611FA29B61705008787BD /* Tag.swift */ = {isa = PBXFileReference; lastKnownFileType = sourcecode.swift; path = Tag.swift; sourceTree = "<group>"; };
		137611FC29B6253E008787BD /* TodoView.swift */ = {isa = PBXFileReference; lastKnownFileType = sourcecode.swift; path = TodoView.swift; sourceTree = "<group>"; };
		1376120029B64400008787BD /* AnyTransition.swift */ = {isa = PBXFileReference; lastKnownFileType = sourcecode.swift; path = AnyTransition.swift; sourceTree = "<group>"; };
		13AE615229B489D500C08EB1 /* Haru.app */ = {isa = PBXFileReference; explicitFileType = wrapper.application; includeInIndex = 0; path = Haru.app; sourceTree = BUILT_PRODUCTS_DIR; };
		13AE615529B489D500C08EB1 /* HaruApp.swift */ = {isa = PBXFileReference; lastKnownFileType = sourcecode.swift; path = HaruApp.swift; sourceTree = "<group>"; };
		13AE615929B489D500C08EB1 /* Assets.xcassets */ = {isa = PBXFileReference; lastKnownFileType = folder.assetcatalog; path = Assets.xcassets; sourceTree = "<group>"; };
		13AE615C29B489D500C08EB1 /* Preview Assets.xcassets */ = {isa = PBXFileReference; lastKnownFileType = folder.assetcatalog; path = "Preview Assets.xcassets"; sourceTree = "<group>"; };
		13AE616E29B48CA100C08EB1 /* Color.swift */ = {isa = PBXFileReference; lastKnownFileType = sourcecode.swift; path = Color.swift; sourceTree = "<group>"; };
		13AE617129B48D2300C08EB1 /* Calendar.swift */ = {isa = PBXFileReference; lastKnownFileType = sourcecode.swift; path = Calendar.swift; sourceTree = "<group>"; };
		13AE617729B48E2A00C08EB1 /* README.md */ = {isa = PBXFileReference; lastKnownFileType = net.daringfireball.markdown; path = README.md; sourceTree = "<group>"; };
		13AE617829B48E4D00C08EB1 /* README.md */ = {isa = PBXFileReference; lastKnownFileType = net.daringfireball.markdown; path = README.md; sourceTree = "<group>"; };
		13AE617929B48E6600C08EB1 /* README.md */ = {isa = PBXFileReference; lastKnownFileType = net.daringfireball.markdown; path = README.md; sourceTree = "<group>"; };
		13AE617A29B48E8000C08EB1 /* README.md */ = {isa = PBXFileReference; lastKnownFileType = net.daringfireball.markdown; path = README.md; sourceTree = "<group>"; };
		13AE617B29B48E9300C08EB1 /* README.md */ = {isa = PBXFileReference; lastKnownFileType = net.daringfireball.markdown; path = README.md; sourceTree = "<group>"; };
		13AE617C29B498FC00C08EB1 /* RootView.swift */ = {isa = PBXFileReference; lastKnownFileType = sourcecode.swift; path = RootView.swift; sourceTree = "<group>"; };
/* End PBXFileReference section */

/* Begin PBXFrameworksBuildPhase section */
		13AE614F29B489D500C08EB1 /* Frameworks */ = {
			isa = PBXFrameworksBuildPhase;
			buildActionMask = 2147483647;
			files = (
			);
			runOnlyForDeploymentPostprocessing = 0;
		};
/* End PBXFrameworksBuildPhase section */

/* Begin PBXGroup section */
		1334334D29B5A04500F26F57 /* CheckList */ = {
			isa = PBXGroup;
			children = (
				1334334E29B5A0AC00F26F57 /* CheckListView.swift */,
				137611FC29B6253E008787BD /* TodoView.swift */,
			);
			path = CheckList;
			sourceTree = "<group>";
		};
		137611ED29B5C359008787BD /* Services */ = {
			isa = PBXGroup;
			children = (
				137611EE29B5CB90008787BD /* TodoService.swift */,
			);
			path = Services;
			sourceTree = "<group>";
		};
		13AE614929B489D500C08EB1 = {
			isa = PBXGroup;
			children = (
				13AE615429B489D500C08EB1 /* Haru */,
				13AE615329B489D500C08EB1 /* Products */,
			);
			sourceTree = "<group>";
		};
		13AE615329B489D500C08EB1 /* Products */ = {
			isa = PBXGroup;
			children = (
				13AE615229B489D500C08EB1 /* Haru.app */,
			);
			name = Products;
			sourceTree = "<group>";
		};
		13AE615429B489D500C08EB1 /* Haru */ = {
			isa = PBXGroup;
			children = (
				13AE615529B489D500C08EB1 /* HaruApp.swift */,
				13AE617429B48DDD00C08EB1 /* Global */,
				13AE616429B48A5D00C08EB1 /* Models */,
				137611ED29B5C359008787BD /* Services */,
				13AE616329B48A2700C08EB1 /* Views */,
				13AE616529B48A6200C08EB1 /* ViewModels */,
				13AE616629B48A8200C08EB1 /* Components */,
				13AE616D29B48C9000C08EB1 /* Extensions */,
				13AE617029B48CFF00C08EB1 /* Enumerations */,
				13AE617329B48DBA00C08EB1 /* Utilities */,
				13AE615929B489D500C08EB1 /* Assets.xcassets */,
				13AE615B29B489D500C08EB1 /* Preview Content */,
			);
			path = Haru;
			sourceTree = "<group>";
		};
		13AE615B29B489D500C08EB1 /* Preview Content */ = {
			isa = PBXGroup;
			children = (
				13AE615C29B489D500C08EB1 /* Preview Assets.xcassets */,
			);
			path = "Preview Content";
			sourceTree = "<group>";
		};
		13AE616329B48A2700C08EB1 /* Views */ = {
			isa = PBXGroup;
			children = (
				13AE617C29B498FC00C08EB1 /* RootView.swift */,
				1334334D29B5A04500F26F57 /* CheckList */,
			);
			path = Views;
			sourceTree = "<group>";
		};
		13AE616429B48A5D00C08EB1 /* Models */ = {
			isa = PBXGroup;
			children = (
				1334335229B5A20800F26F57 /* Todo.swift */,
				137611F229B600E9008787BD /* User.swift */,
				137611F429B6051F008787BD /* TodoLog.swift */,
				137611F629B615F8008787BD /* tagWithTodo.swift */,
				137611F829B61674008787BD /* SubTodo.swift */,
				137611FA29B61705008787BD /* Tag.swift */,
			);
			path = Models;
			sourceTree = "<group>";
		};
		13AE616529B48A6200C08EB1 /* ViewModels */ = {
			isa = PBXGroup;
			children = (
				137611F029B5FD1E008787BD /* CheckListViewModel.swift */,
			);
			path = ViewModels;
			sourceTree = "<group>";
		};
		13AE616629B48A8200C08EB1 /* Components */ = {
			isa = PBXGroup;
			children = (
				13AE617A29B48E8000C08EB1 /* README.md */,
				1334334929B4FBC500F26F57 /* Modal.swift */,
			);
			path = Components;
			sourceTree = "<group>";
		};
		13AE616D29B48C9000C08EB1 /* Extensions */ = {
			isa = PBXGroup;
			children = (
				13AE617929B48E6600C08EB1 /* README.md */,
				13AE616E29B48CA100C08EB1 /* Color.swift */,
				1376120029B64400008787BD /* AnyTransition.swift */,
			);
			path = Extensions;
			sourceTree = "<group>";
		};
		13AE617029B48CFF00C08EB1 /* Enumerations */ = {
			isa = PBXGroup;
			children = (
				13AE617829B48E4D00C08EB1 /* README.md */,
				13AE617129B48D2300C08EB1 /* Calendar.swift */,
				1334334B29B5A02400F26F57 /* Tab.swift */,
			);
			path = Enumerations;
			sourceTree = "<group>";
		};
		13AE617329B48DBA00C08EB1 /* Utilities */ = {
			isa = PBXGroup;
			children = (
				13AE617729B48E2A00C08EB1 /* README.md */,
			);
			path = Utilities;
			sourceTree = "<group>";
		};
		13AE617429B48DDD00C08EB1 /* Global */ = {
			isa = PBXGroup;
			children = (
				13AE617B29B48E9300C08EB1 /* README.md */,
			);
			path = Global;
			sourceTree = "<group>";
		};
/* End PBXGroup section */

/* Begin PBXNativeTarget section */
		13AE615129B489D500C08EB1 /* Haru */ = {
			isa = PBXNativeTarget;
			buildConfigurationList = 13AE616029B489D500C08EB1 /* Build configuration list for PBXNativeTarget "Haru" */;
			buildPhases = (
				13AE614E29B489D500C08EB1 /* Sources */,
				13AE614F29B489D500C08EB1 /* Frameworks */,
				13AE615029B489D500C08EB1 /* Resources */,
			);
			buildRules = (
			);
			dependencies = (
			);
			name = Haru;
			productName = Haru;
			productReference = 13AE615229B489D500C08EB1 /* Haru.app */;
			productType = "com.apple.product-type.application";
		};
/* End PBXNativeTarget section */

/* Begin PBXProject section */
		13AE614A29B489D500C08EB1 /* Project object */ = {
			isa = PBXProject;
			attributes = {
				BuildIndependentTargetsInParallel = 1;
				LastSwiftUpdateCheck = 1420;
				LastUpgradeCheck = 1420;
				TargetAttributes = {
					13AE615129B489D500C08EB1 = {
						CreatedOnToolsVersion = 14.2;
					};
				};
			};
			buildConfigurationList = 13AE614D29B489D500C08EB1 /* Build configuration list for PBXProject "Haru" */;
			compatibilityVersion = "Xcode 14.0";
			developmentRegion = en;
			hasScannedForEncodings = 0;
			knownRegions = (
				en,
				Base,
			);
			mainGroup = 13AE614929B489D500C08EB1;
			productRefGroup = 13AE615329B489D500C08EB1 /* Products */;
			projectDirPath = "";
			projectRoot = "";
			targets = (
				13AE615129B489D500C08EB1 /* Haru */,
			);
		};
/* End PBXProject section */

/* Begin PBXResourcesBuildPhase section */
		13AE615029B489D500C08EB1 /* Resources */ = {
			isa = PBXResourcesBuildPhase;
			buildActionMask = 2147483647;
			files = (
				13AE615D29B489D500C08EB1 /* Preview Assets.xcassets in Resources */,
				13AE615A29B489D500C08EB1 /* Assets.xcassets in Resources */,
			);
			runOnlyForDeploymentPostprocessing = 0;
		};
/* End PBXResourcesBuildPhase section */

/* Begin PBXSourcesBuildPhase section */
		13AE614E29B489D500C08EB1 /* Sources */ = {
			isa = PBXSourcesBuildPhase;
			buildActionMask = 2147483647;
			files = (
				137611F929B61674008787BD /* SubTodo.swift in Sources */,
				1334334F29B5A0AC00F26F57 /* CheckListView.swift in Sources */,
				13AE615629B489D500C08EB1 /* HaruApp.swift in Sources */,
				137611F129B5FD1E008787BD /* CheckListViewModel.swift in Sources */,
				1334334C29B5A02400F26F57 /* Tab.swift in Sources */,
				137611F529B6051F008787BD /* TodoLog.swift in Sources */,
				137611EF29B5CB90008787BD /* TodoService.swift in Sources */,
				1334335329B5A20800F26F57 /* Todo.swift in Sources */,
				137611F729B615F8008787BD /* tagWithTodo.swift in Sources */,
				13AE617D29B498FC00C08EB1 /* RootView.swift in Sources */,
				1334334A29B4FBC500F26F57 /* Modal.swift in Sources */,
				13AE616F29B48CA100C08EB1 /* Color.swift in Sources */,
				137611FB29B61705008787BD /* Tag.swift in Sources */,
				13AE617229B48D2300C08EB1 /* Calendar.swift in Sources */,
				1376120129B64400008787BD /* AnyTransition.swift in Sources */,
				137611FD29B6253E008787BD /* TodoView.swift in Sources */,
				137611F329B600E9008787BD /* User.swift in Sources */,
			);
			runOnlyForDeploymentPostprocessing = 0;
		};
/* End PBXSourcesBuildPhase section */

/* Begin XCBuildConfiguration section */
		13AE615E29B489D500C08EB1 /* Debug */ = {
			isa = XCBuildConfiguration;
			buildSettings = {
				ALWAYS_SEARCH_USER_PATHS = NO;
				CLANG_ANALYZER_NONNULL = YES;
				CLANG_ANALYZER_NUMBER_OBJECT_CONVERSION = YES_AGGRESSIVE;
				CLANG_CXX_LANGUAGE_STANDARD = "gnu++20";
				CLANG_ENABLE_MODULES = YES;
				CLANG_ENABLE_OBJC_ARC = YES;
				CLANG_ENABLE_OBJC_WEAK = YES;
				CLANG_WARN_BLOCK_CAPTURE_AUTORELEASING = YES;
				CLANG_WARN_BOOL_CONVERSION = YES;
				CLANG_WARN_COMMA = YES;
				CLANG_WARN_CONSTANT_CONVERSION = YES;
				CLANG_WARN_DEPRECATED_OBJC_IMPLEMENTATIONS = YES;
				CLANG_WARN_DIRECT_OBJC_ISA_USAGE = YES_ERROR;
				CLANG_WARN_DOCUMENTATION_COMMENTS = YES;
				CLANG_WARN_EMPTY_BODY = YES;
				CLANG_WARN_ENUM_CONVERSION = YES;
				CLANG_WARN_INFINITE_RECURSION = YES;
				CLANG_WARN_INT_CONVERSION = YES;
				CLANG_WARN_NON_LITERAL_NULL_CONVERSION = YES;
				CLANG_WARN_OBJC_IMPLICIT_RETAIN_SELF = YES;
				CLANG_WARN_OBJC_LITERAL_CONVERSION = YES;
				CLANG_WARN_OBJC_ROOT_CLASS = YES_ERROR;
				CLANG_WARN_QUOTED_INCLUDE_IN_FRAMEWORK_HEADER = YES;
				CLANG_WARN_RANGE_LOOP_ANALYSIS = YES;
				CLANG_WARN_STRICT_PROTOTYPES = YES;
				CLANG_WARN_SUSPICIOUS_MOVE = YES;
				CLANG_WARN_UNGUARDED_AVAILABILITY = YES_AGGRESSIVE;
				CLANG_WARN_UNREACHABLE_CODE = YES;
				CLANG_WARN__DUPLICATE_METHOD_MATCH = YES;
				COPY_PHASE_STRIP = NO;
				DEBUG_INFORMATION_FORMAT = dwarf;
				ENABLE_STRICT_OBJC_MSGSEND = YES;
				ENABLE_TESTABILITY = YES;
				GCC_C_LANGUAGE_STANDARD = gnu11;
				GCC_DYNAMIC_NO_PIC = NO;
				GCC_NO_COMMON_BLOCKS = YES;
				GCC_OPTIMIZATION_LEVEL = 0;
				GCC_PREPROCESSOR_DEFINITIONS = (
					"DEBUG=1",
					"$(inherited)",
				);
				GCC_WARN_64_TO_32_BIT_CONVERSION = YES;
				GCC_WARN_ABOUT_RETURN_TYPE = YES_ERROR;
				GCC_WARN_UNDECLARED_SELECTOR = YES;
				GCC_WARN_UNINITIALIZED_AUTOS = YES_AGGRESSIVE;
				GCC_WARN_UNUSED_FUNCTION = YES;
				GCC_WARN_UNUSED_VARIABLE = YES;
				IPHONEOS_DEPLOYMENT_TARGET = 16.2;
				MTL_ENABLE_DEBUG_INFO = INCLUDE_SOURCE;
				MTL_FAST_MATH = YES;
				ONLY_ACTIVE_ARCH = YES;
				SDKROOT = iphoneos;
				SWIFT_ACTIVE_COMPILATION_CONDITIONS = DEBUG;
				SWIFT_OPTIMIZATION_LEVEL = "-Onone";
			};
			name = Debug;
		};
		13AE615F29B489D500C08EB1 /* Release */ = {
			isa = XCBuildConfiguration;
			buildSettings = {
				ALWAYS_SEARCH_USER_PATHS = NO;
				CLANG_ANALYZER_NONNULL = YES;
				CLANG_ANALYZER_NUMBER_OBJECT_CONVERSION = YES_AGGRESSIVE;
				CLANG_CXX_LANGUAGE_STANDARD = "gnu++20";
				CLANG_ENABLE_MODULES = YES;
				CLANG_ENABLE_OBJC_ARC = YES;
				CLANG_ENABLE_OBJC_WEAK = YES;
				CLANG_WARN_BLOCK_CAPTURE_AUTORELEASING = YES;
				CLANG_WARN_BOOL_CONVERSION = YES;
				CLANG_WARN_COMMA = YES;
				CLANG_WARN_CONSTANT_CONVERSION = YES;
				CLANG_WARN_DEPRECATED_OBJC_IMPLEMENTATIONS = YES;
				CLANG_WARN_DIRECT_OBJC_ISA_USAGE = YES_ERROR;
				CLANG_WARN_DOCUMENTATION_COMMENTS = YES;
				CLANG_WARN_EMPTY_BODY = YES;
				CLANG_WARN_ENUM_CONVERSION = YES;
				CLANG_WARN_INFINITE_RECURSION = YES;
				CLANG_WARN_INT_CONVERSION = YES;
				CLANG_WARN_NON_LITERAL_NULL_CONVERSION = YES;
				CLANG_WARN_OBJC_IMPLICIT_RETAIN_SELF = YES;
				CLANG_WARN_OBJC_LITERAL_CONVERSION = YES;
				CLANG_WARN_OBJC_ROOT_CLASS = YES_ERROR;
				CLANG_WARN_QUOTED_INCLUDE_IN_FRAMEWORK_HEADER = YES;
				CLANG_WARN_RANGE_LOOP_ANALYSIS = YES;
				CLANG_WARN_STRICT_PROTOTYPES = YES;
				CLANG_WARN_SUSPICIOUS_MOVE = YES;
				CLANG_WARN_UNGUARDED_AVAILABILITY = YES_AGGRESSIVE;
				CLANG_WARN_UNREACHABLE_CODE = YES;
				CLANG_WARN__DUPLICATE_METHOD_MATCH = YES;
				COPY_PHASE_STRIP = NO;
				DEBUG_INFORMATION_FORMAT = "dwarf-with-dsym";
				ENABLE_NS_ASSERTIONS = NO;
				ENABLE_STRICT_OBJC_MSGSEND = YES;
				GCC_C_LANGUAGE_STANDARD = gnu11;
				GCC_NO_COMMON_BLOCKS = YES;
				GCC_WARN_64_TO_32_BIT_CONVERSION = YES;
				GCC_WARN_ABOUT_RETURN_TYPE = YES_ERROR;
				GCC_WARN_UNDECLARED_SELECTOR = YES;
				GCC_WARN_UNINITIALIZED_AUTOS = YES_AGGRESSIVE;
				GCC_WARN_UNUSED_FUNCTION = YES;
				GCC_WARN_UNUSED_VARIABLE = YES;
				IPHONEOS_DEPLOYMENT_TARGET = 16.2;
				MTL_ENABLE_DEBUG_INFO = NO;
				MTL_FAST_MATH = YES;
				SDKROOT = iphoneos;
				SWIFT_COMPILATION_MODE = wholemodule;
				SWIFT_OPTIMIZATION_LEVEL = "-O";
				VALIDATE_PRODUCT = YES;
			};
			name = Release;
		};
		13AE616129B489D500C08EB1 /* Debug */ = {
			isa = XCBuildConfiguration;
			buildSettings = {
				ASSETCATALOG_COMPILER_APPICON_NAME = AppIcon;
				ASSETCATALOG_COMPILER_GLOBAL_ACCENT_COLOR_NAME = AccentColor;
				CODE_SIGN_STYLE = Automatic;
				CURRENT_PROJECT_VERSION = 1;
				DEVELOPMENT_ASSET_PATHS = "\"Haru/Preview Content\"";
				ENABLE_PREVIEWS = YES;
				GENERATE_INFOPLIST_FILE = YES;
				INFOPLIST_KEY_UIApplicationSceneManifest_Generation = YES;
				INFOPLIST_KEY_UIApplicationSupportsIndirectInputEvents = YES;
				INFOPLIST_KEY_UILaunchScreen_Generation = YES;
				INFOPLIST_KEY_UISupportedInterfaceOrientations_iPad = "UIInterfaceOrientationPortrait UIInterfaceOrientationPortraitUpsideDown UIInterfaceOrientationLandscapeLeft UIInterfaceOrientationLandscapeRight";
				INFOPLIST_KEY_UISupportedInterfaceOrientations_iPhone = "UIInterfaceOrientationPortrait UIInterfaceOrientationLandscapeLeft UIInterfaceOrientationLandscapeRight";
				LD_RUNPATH_SEARCH_PATHS = (
					"$(inherited)",
					"@executable_path/Frameworks",
				);
				MARKETING_VERSION = 1.0;
				PRODUCT_BUNDLE_IDENTIFIER = day23.Haru;
				PRODUCT_NAME = "$(TARGET_NAME)";
				SWIFT_EMIT_LOC_STRINGS = YES;
				SWIFT_VERSION = 5.0;
				TARGETED_DEVICE_FAMILY = "1,2";
			};
			name = Debug;
		};
		13AE616229B489D500C08EB1 /* Release */ = {
			isa = XCBuildConfiguration;
			buildSettings = {
				ASSETCATALOG_COMPILER_APPICON_NAME = AppIcon;
				ASSETCATALOG_COMPILER_GLOBAL_ACCENT_COLOR_NAME = AccentColor;
				CODE_SIGN_STYLE = Automatic;
				CURRENT_PROJECT_VERSION = 1;
				DEVELOPMENT_ASSET_PATHS = "\"Haru/Preview Content\"";
				ENABLE_PREVIEWS = YES;
				GENERATE_INFOPLIST_FILE = YES;
				INFOPLIST_KEY_UIApplicationSceneManifest_Generation = YES;
				INFOPLIST_KEY_UIApplicationSupportsIndirectInputEvents = YES;
				INFOPLIST_KEY_UILaunchScreen_Generation = YES;
				INFOPLIST_KEY_UISupportedInterfaceOrientations_iPad = "UIInterfaceOrientationPortrait UIInterfaceOrientationPortraitUpsideDown UIInterfaceOrientationLandscapeLeft UIInterfaceOrientationLandscapeRight";
				INFOPLIST_KEY_UISupportedInterfaceOrientations_iPhone = "UIInterfaceOrientationPortrait UIInterfaceOrientationLandscapeLeft UIInterfaceOrientationLandscapeRight";
				LD_RUNPATH_SEARCH_PATHS = (
					"$(inherited)",
					"@executable_path/Frameworks",
				);
				MARKETING_VERSION = 1.0;
				PRODUCT_BUNDLE_IDENTIFIER = day23.Haru;
				PRODUCT_NAME = "$(TARGET_NAME)";
				SWIFT_EMIT_LOC_STRINGS = YES;
				SWIFT_VERSION = 5.0;
				TARGETED_DEVICE_FAMILY = "1,2";
			};
			name = Release;
		};
/* End XCBuildConfiguration section */

/* Begin XCConfigurationList section */
		13AE614D29B489D500C08EB1 /* Build configuration list for PBXProject "Haru" */ = {
			isa = XCConfigurationList;
			buildConfigurations = (
				13AE615E29B489D500C08EB1 /* Debug */,
				13AE615F29B489D500C08EB1 /* Release */,
			);
			defaultConfigurationIsVisible = 0;
			defaultConfigurationName = Release;
		};
		13AE616029B489D500C08EB1 /* Build configuration list for PBXNativeTarget "Haru" */ = {
			isa = XCConfigurationList;
			buildConfigurations = (
				13AE616129B489D500C08EB1 /* Debug */,
				13AE616229B489D500C08EB1 /* Release */,
			);
			defaultConfigurationIsVisible = 0;
			defaultConfigurationName = Release;
		};
/* End XCConfigurationList section */
	};
	rootObject = 13AE614A29B489D500C08EB1 /* Project object */;
}
