// !$*UTF8*$!
{
	archiveVersion = 1;
	classes = {
	};
	objectVersion = 56;
	objects = {

/* Begin PBXBuildFile section */
		130666CC29CEDF4A00AACEE6 /* HaruApp.swift in Sources */ = {isa = PBXBuildFile; fileRef = 130666CB29CEDF4A00AACEE6 /* HaruApp.swift */; };
		130666FA29CEE0AC00AACEE6 /* Global.swift in Sources */ = {isa = PBXBuildFile; fileRef = 130666F729CEE0AC00AACEE6 /* Global.swift */; };
		130666FC29CEE0AC00AACEE6 /* Constants.swift in Sources */ = {isa = PBXBuildFile; fileRef = 130666F929CEE0AC00AACEE6 /* Constants.swift */; };
		1306670A29CEE13200AACEE6 /* tagWithTodo.swift in Sources */ = {isa = PBXBuildFile; fileRef = 130666FD29CEE13200AACEE6 /* tagWithTodo.swift */; };
		1306670B29CEE13200AACEE6 /* DateValue.swift in Sources */ = {isa = PBXBuildFile; fileRef = 130666FE29CEE13200AACEE6 /* DateValue.swift */; };
		1306670C29CEE13200AACEE6 /* TodoLog.swift in Sources */ = {isa = PBXBuildFile; fileRef = 130666FF29CEE13200AACEE6 /* TodoLog.swift */; };
		1306670D29CEE13200AACEE6 /* Day.swift in Sources */ = {isa = PBXBuildFile; fileRef = 1306670029CEE13200AACEE6 /* Day.swift */; };
		1306670E29CEE13200AACEE6 /* Tag.swift in Sources */ = {isa = PBXBuildFile; fileRef = 1306670129CEE13200AACEE6 /* Tag.swift */; };
		1306670F29CEE13200AACEE6 /* Request.swift in Sources */ = {isa = PBXBuildFile; fileRef = 1306670229CEE13200AACEE6 /* Request.swift */; };
		1306671029CEE13200AACEE6 /* Schedule.swift in Sources */ = {isa = PBXBuildFile; fileRef = 1306670329CEE13200AACEE6 /* Schedule.swift */; };
		1306671129CEE13200AACEE6 /* Productivity.swift in Sources */ = {isa = PBXBuildFile; fileRef = 1306670429CEE13200AACEE6 /* Productivity.swift */; };
		1306671229CEE13200AACEE6 /* SubTodo.swift in Sources */ = {isa = PBXBuildFile; fileRef = 1306670529CEE13200AACEE6 /* SubTodo.swift */; };
		1306671329CEE13200AACEE6 /* Todo.swift in Sources */ = {isa = PBXBuildFile; fileRef = 1306670629CEE13200AACEE6 /* Todo.swift */; };
		1306671429CEE13200AACEE6 /* User.swift in Sources */ = {isa = PBXBuildFile; fileRef = 1306670729CEE13200AACEE6 /* User.swift */; };
		1306671529CEE13200AACEE6 /* Alarm.swift in Sources */ = {isa = PBXBuildFile; fileRef = 1306670829CEE13200AACEE6 /* Alarm.swift */; };
		1306671629CEE13200AACEE6 /* Category.swift in Sources */ = {isa = PBXBuildFile; fileRef = 1306670929CEE13200AACEE6 /* Category.swift */; };
		1306671C29CEE14000AACEE6 /* ScheduleService.swift in Sources */ = {isa = PBXBuildFile; fileRef = 1306671729CEE13F00AACEE6 /* ScheduleService.swift */; };
		1306671D29CEE14000AACEE6 /* TagService.swift in Sources */ = {isa = PBXBuildFile; fileRef = 1306671829CEE13F00AACEE6 /* TagService.swift */; };
		1306671E29CEE14000AACEE6 /* CalendarService.swift in Sources */ = {isa = PBXBuildFile; fileRef = 1306671929CEE13F00AACEE6 /* CalendarService.swift */; };
		1306671F29CEE14000AACEE6 /* CategoryService.swift in Sources */ = {isa = PBXBuildFile; fileRef = 1306671A29CEE13F00AACEE6 /* CategoryService.swift */; };
		1306672029CEE14000AACEE6 /* TodoService.swift in Sources */ = {isa = PBXBuildFile; fileRef = 1306671B29CEE14000AACEE6 /* TodoService.swift */; };
		1306672329CEE15A00AACEE6 /* TimeTableMainView.swift in Sources */ = {isa = PBXBuildFile; fileRef = 1306672229CEE15A00AACEE6 /* TimeTableMainView.swift */; };
		1306675329CEE19C00AACEE6 /* RootView.swift in Sources */ = {isa = PBXBuildFile; fileRef = 1306672629CEE19B00AACEE6 /* RootView.swift */; };
		1306675E29CEE19C00AACEE6 /* CalendarDayView.swift in Sources */ = {isa = PBXBuildFile; fileRef = 1306673229CEE19C00AACEE6 /* CalendarDayView.swift */; };
		1306675F29CEE19C00AACEE6 /* CategoryView.swift in Sources */ = {isa = PBXBuildFile; fileRef = 1306673329CEE19C00AACEE6 /* CategoryView.swift */; };
		1306676029CEE19C00AACEE6 /* CalendarDayDetailView.swift in Sources */ = {isa = PBXBuildFile; fileRef = 1306673429CEE19C00AACEE6 /* CalendarDayDetailView.swift */; };
		1306676129CEE19C00AACEE6 /* CalendarOptionView.swift in Sources */ = {isa = PBXBuildFile; fileRef = 1306673529CEE19C00AACEE6 /* CalendarOptionView.swift */; };
		1306676229CEE19C00AACEE6 /* CategoryFormView.swift in Sources */ = {isa = PBXBuildFile; fileRef = 1306673629CEE19C00AACEE6 /* CategoryFormView.swift */; };
		1306676329CEE19C00AACEE6 /* ScheduleFormView.swift in Sources */ = {isa = PBXBuildFile; fileRef = 1306673729CEE19C00AACEE6 /* ScheduleFormView.swift */; };
		1306676429CEE19C00AACEE6 /* CalendarDateItem.swift in Sources */ = {isa = PBXBuildFile; fileRef = 1306673829CEE19C00AACEE6 /* CalendarDateItem.swift */; };
		1306676529CEE19C00AACEE6 /* CalendarWeekView.swift in Sources */ = {isa = PBXBuildFile; fileRef = 1306673929CEE19C00AACEE6 /* CalendarWeekView.swift */; };
		1306676629CEE19C00AACEE6 /* CalendarMainView.swift in Sources */ = {isa = PBXBuildFile; fileRef = 1306673A29CEE19C00AACEE6 /* CalendarMainView.swift */; };
		1306676729CEE19C00AACEE6 /* CalendarDateView.swift in Sources */ = {isa = PBXBuildFile; fileRef = 1306673B29CEE19C00AACEE6 /* CalendarDateView.swift */; };
		1306676829CEE19C00AACEE6 /* CalendarScheduleItem.swift in Sources */ = {isa = PBXBuildFile; fileRef = 1306673C29CEE19C00AACEE6 /* CalendarScheduleItem.swift */; };
		1306677229CEE19C00AACEE6 /* TodoView.swift in Sources */ = {isa = PBXBuildFile; fileRef = 1306674729CEE19C00AACEE6 /* TodoView.swift */; };
		1306677329CEE19C00AACEE6 /* ListView.swift in Sources */ = {isa = PBXBuildFile; fileRef = 1306674829CEE19C00AACEE6 /* ListView.swift */; };
		1306677429CEE19C00AACEE6 /* CheckListView.swift in Sources */ = {isa = PBXBuildFile; fileRef = 1306674929CEE19C00AACEE6 /* CheckListView.swift */; };
		1306677529CEE19C00AACEE6 /* ListSectionView.swift in Sources */ = {isa = PBXBuildFile; fileRef = 1306674A29CEE19C00AACEE6 /* ListSectionView.swift */; };
		1306677629CEE19C00AACEE6 /* TodoAddView.swift in Sources */ = {isa = PBXBuildFile; fileRef = 1306674B29CEE19C00AACEE6 /* TodoAddView.swift */; };
		1306677729CEE19C00AACEE6 /* TagView.swift in Sources */ = {isa = PBXBuildFile; fileRef = 1306674C29CEE19C00AACEE6 /* TagView.swift */; };
		1306677829CEE19C00AACEE6 /* TagListView.swift in Sources */ = {isa = PBXBuildFile; fileRef = 1306674D29CEE19C00AACEE6 /* TagListView.swift */; };
		1306677929CEE19C00AACEE6 /* SubTodoView.swift in Sources */ = {isa = PBXBuildFile; fileRef = 1306674E29CEE19C00AACEE6 /* SubTodoView.swift */; };
		1306677A29CEE19C00AACEE6 /* HaruView.swift in Sources */ = {isa = PBXBuildFile; fileRef = 1306674F29CEE19C00AACEE6 /* HaruView.swift */; };
		1306677B29CEE19C00AACEE6 /* HaruLinkView.swift in Sources */ = {isa = PBXBuildFile; fileRef = 1306675029CEE19C00AACEE6 /* HaruLinkView.swift */; };
		1306678029CEE1D300AACEE6 /* CheckListViewModel.swift in Sources */ = {isa = PBXBuildFile; fileRef = 1306677C29CEE1D300AACEE6 /* CheckListViewModel.swift */; };
		1306678129CEE1D300AACEE6 /* TodoAddViewModel.swift in Sources */ = {isa = PBXBuildFile; fileRef = 1306677D29CEE1D300AACEE6 /* TodoAddViewModel.swift */; };
		1306678229CEE1D300AACEE6 /* ScheduleFormViewModel.swift in Sources */ = {isa = PBXBuildFile; fileRef = 1306677E29CEE1D300AACEE6 /* ScheduleFormViewModel.swift */; };
		1306678329CEE1D300AACEE6 /* CalendarViewModel.swift in Sources */ = {isa = PBXBuildFile; fileRef = 1306677F29CEE1D300AACEE6 /* CalendarViewModel.swift */; };
		1306678D29CEE1E300AACEE6 /* Modal.swift in Sources */ = {isa = PBXBuildFile; fileRef = 1306678429CEE1E300AACEE6 /* Modal.swift */; };
		1306678E29CEE1E300AACEE6 /* CategoryModal.swift in Sources */ = {isa = PBXBuildFile; fileRef = 1306678529CEE1E300AACEE6 /* CategoryModal.swift */; };
		1306678F29CEE1E300AACEE6 /* StarButton.swift in Sources */ = {isa = PBXBuildFile; fileRef = 1306678629CEE1E300AACEE6 /* StarButton.swift */; };
		1306679129CEE1E300AACEE6 /* CustomToggleStyle.swift in Sources */ = {isa = PBXBuildFile; fileRef = 1306678829CEE1E300AACEE6 /* CustomToggleStyle.swift */; };
		1306679229CEE1E300AACEE6 /* CompleteButton.swift in Sources */ = {isa = PBXBuildFile; fileRef = 1306678929CEE1E300AACEE6 /* CompleteButton.swift */; };
		1306679329CEE1E300AACEE6 /* CustomDatePicker.swift in Sources */ = {isa = PBXBuildFile; fileRef = 1306678A29CEE1E300AACEE6 /* CustomDatePicker.swift */; };
		1306679429CEE1E300AACEE6 /* EmptySectionView.swift in Sources */ = {isa = PBXBuildFile; fileRef = 1306678B29CEE1E300AACEE6 /* EmptySectionView.swift */; };
		1306679529CEE1E300AACEE6 /* DayButton.swift in Sources */ = {isa = PBXBuildFile; fileRef = 1306678C29CEE1E300AACEE6 /* DayButton.swift */; };
		130667A029CEE1F200AACEE6 /* UINavigationController.swift in Sources */ = {isa = PBXBuildFile; fileRef = 1306679729CEE1F200AACEE6 /* UINavigationController.swift */; };
		130667A129CEE1F200AACEE6 /* AnyTransition.swift in Sources */ = {isa = PBXBuildFile; fileRef = 1306679829CEE1F200AACEE6 /* AnyTransition.swift */; };
		130667A229CEE1F200AACEE6 /* Border.swift in Sources */ = {isa = PBXBuildFile; fileRef = 1306679929CEE1F200AACEE6 /* Border.swift */; };
		130667A329CEE1F200AACEE6 /* Data.swift in Sources */ = {isa = PBXBuildFile; fileRef = 1306679A29CEE1F200AACEE6 /* Data.swift */; };
		130667A429CEE1F200AACEE6 /* Date.swift in Sources */ = {isa = PBXBuildFile; fileRef = 1306679B29CEE1F200AACEE6 /* Date.swift */; };
		130667A529CEE1F200AACEE6 /* ShapeStyle.swift in Sources */ = {isa = PBXBuildFile; fileRef = 1306679C29CEE1F200AACEE6 /* ShapeStyle.swift */; };
		130667A629CEE1F200AACEE6 /* View.swift in Sources */ = {isa = PBXBuildFile; fileRef = 1306679D29CEE1F200AACEE6 /* View.swift */; };
		130667A729CEE1F200AACEE6 /* Color.swift in Sources */ = {isa = PBXBuildFile; fileRef = 1306679E29CEE1F200AACEE6 /* Color.swift */; };
		130667AD29CEE1FE00AACEE6 /* RepeatOption.swift in Sources */ = {isa = PBXBuildFile; fileRef = 130667A829CEE1FE00AACEE6 /* RepeatOption.swift */; };
		130667AE29CEE1FE00AACEE6 /* TodoAddMode.swift in Sources */ = {isa = PBXBuildFile; fileRef = 130667A929CEE1FE00AACEE6 /* TodoAddMode.swift */; };
		130667B129CEE1FE00AACEE6 /* Calendar.swift in Sources */ = {isa = PBXBuildFile; fileRef = 130667AC29CEE1FE00AACEE6 /* Calendar.swift */; };
		130667B429CEE20A00AACEE6 /* CalendarHelper.swift in Sources */ = {isa = PBXBuildFile; fileRef = 130667B229CEE20A00AACEE6 /* CalendarHelper.swift */; };
		130667B829CEE30800AACEE6 /* Assets.xcassets in Resources */ = {isa = PBXBuildFile; fileRef = 130666CF29CEDF4B00AACEE6 /* Assets.xcassets */; };
		130667B929CEE30E00AACEE6 /* Pretendard-Black.otf in Resources */ = {isa = PBXBuildFile; fileRef = 130666E529CEE07600AACEE6 /* Pretendard-Black.otf */; };
		130667BA29CEE30E00AACEE6 /* Pretendard-Bold.otf in Resources */ = {isa = PBXBuildFile; fileRef = 130666E729CEE07600AACEE6 /* Pretendard-Bold.otf */; };
		130667BB29CEE30E00AACEE6 /* Pretendard-ExtraBold.otf in Resources */ = {isa = PBXBuildFile; fileRef = 130666EA29CEE07600AACEE6 /* Pretendard-ExtraBold.otf */; };
		130667BC29CEE30E00AACEE6 /* Pretendard-ExtraLight.otf in Resources */ = {isa = PBXBuildFile; fileRef = 130666EC29CEE07600AACEE6 /* Pretendard-ExtraLight.otf */; };
		130667BD29CEE30E00AACEE6 /* Pretendard-Light.otf in Resources */ = {isa = PBXBuildFile; fileRef = 130666E829CEE07600AACEE6 /* Pretendard-Light.otf */; };
		130667BE29CEE30E00AACEE6 /* Pretendard-Medium.otf in Resources */ = {isa = PBXBuildFile; fileRef = 130666E929CEE07600AACEE6 /* Pretendard-Medium.otf */; };
		130667BF29CEE30E00AACEE6 /* Pretendard-Regular.otf in Resources */ = {isa = PBXBuildFile; fileRef = 130666E629CEE07600AACEE6 /* Pretendard-Regular.otf */; };
		130667C029CEE30E00AACEE6 /* Pretendard-SemiBold.otf in Resources */ = {isa = PBXBuildFile; fileRef = 130666ED29CEE07600AACEE6 /* Pretendard-SemiBold.otf */; };
		130667C129CEE30E00AACEE6 /* Pretendard-Thin.otf in Resources */ = {isa = PBXBuildFile; fileRef = 130666EB29CEE07600AACEE6 /* Pretendard-Thin.otf */; };
		130667C229CEE31900AACEE6 /* Preview Assets.xcassets in Resources */ = {isa = PBXBuildFile; fileRef = 130666D229CEDF4B00AACEE6 /* Preview Assets.xcassets */; };
		130667C529CEE33200AACEE6 /* Alamofire in Frameworks */ = {isa = PBXBuildFile; productRef = 130667C429CEE33200AACEE6 /* Alamofire */; };
		130667C829CEE35400AACEE6 /* PopupView in Frameworks */ = {isa = PBXBuildFile; productRef = 130667C729CEE35400AACEE6 /* PopupView */; };
		130667CB29CEE38500AACEE6 /* SwiftUIPager in Frameworks */ = {isa = PBXBuildFile; productRef = 130667CA29CEE38500AACEE6 /* SwiftUIPager */; };
		1342D4DC2A1F7A74006758E9 /* SignUpView.swift in Sources */ = {isa = PBXBuildFile; fileRef = 1342D4DB2A1F7A74006758E9 /* SignUpView.swift */; };
		1342D4DE2A1FBDB0006758E9 /* SettingHeader.swift in Sources */ = {isa = PBXBuildFile; fileRef = 1342D4DD2A1FBDB0006758E9 /* SettingHeader.swift */; };
		1342D4E02A1FBE87006758E9 /* AccountView.swift in Sources */ = {isa = PBXBuildFile; fileRef = 1342D4DF2A1FBE87006758E9 /* AccountView.swift */; };
		1342D4E22A1FD4EC006758E9 /* PrivacyView.swift in Sources */ = {isa = PBXBuildFile; fileRef = 1342D4E12A1FD4EC006758E9 /* PrivacyView.swift */; };
		134F5FEE29DD356C0072704B /* ScheduleItemView.swift in Sources */ = {isa = PBXBuildFile; fileRef = 134F5FED29DD356C0072704B /* ScheduleItemView.swift */; };
		134F5FF029DD7BE80072704B /* ScheduleTopItemView.swift in Sources */ = {isa = PBXBuildFile; fileRef = 134F5FEF29DD7BE80072704B /* ScheduleTopItemView.swift */; };
		134F5FF229DF1A240072704B /* TimeTableScheduleTopView.swift in Sources */ = {isa = PBXBuildFile; fileRef = 134F5FF129DF1A240072704B /* TimeTableScheduleTopView.swift */; };
		134F5FF429DF1FF90072704B /* TimeTableTodoRow.swift in Sources */ = {isa = PBXBuildFile; fileRef = 134F5FF329DF1FF90072704B /* TimeTableTodoRow.swift */; };
		134F5FF629DF20160072704B /* TimeTableTodoItem.swift in Sources */ = {isa = PBXBuildFile; fileRef = 134F5FF529DF20160072704B /* TimeTableTodoItem.swift */; };
		1356621829D1EE29003CAD1B /* DefaultTag.swift in Sources */ = {isa = PBXBuildFile; fileRef = 1356621729D1EE29003CAD1B /* DefaultTag.swift */; };
		1392241C2A20A765002894B2 /* ScreenView.swift in Sources */ = {isa = PBXBuildFile; fileRef = 1392241B2A20A765002894B2 /* ScreenView.swift */; };
		1392241E2A20A7C0002894B2 /* InformationView.swift in Sources */ = {isa = PBXBuildFile; fileRef = 1392241D2A20A7C0002894B2 /* InformationView.swift */; };
		139224202A20C532002894B2 /* UserService.swift in Sources */ = {isa = PBXBuildFile; fileRef = 1392241F2A20C532002894B2 /* UserService.swift */; };
		139224282A210340002894B2 /* CustomTabView.swift in Sources */ = {isa = PBXBuildFile; fileRef = 139224272A210340002894B2 /* CustomTabView.swift */; };
		1392242A2A210AE3002894B2 /* Tab.swift in Sources */ = {isa = PBXBuildFile; fileRef = 139224292A210AE3002894B2 /* Tab.swift */; };
		139F99632A0BA12500BD56C7 /* RepeatAt.swift in Sources */ = {isa = PBXBuildFile; fileRef = 139F99622A0BA12500BD56C7 /* RepeatAt.swift */; };
		13A57DBD2A13587E0010A481 /* TodoState.swift in Sources */ = {isa = PBXBuildFile; fileRef = 13A57DBC2A13587E0010A481 /* TodoState.swift */; };
		13A57DBF2A1358B40010A481 /* ScheduleState.swift in Sources */ = {isa = PBXBuildFile; fileRef = 13A57DBE2A1358B40010A481 /* ScheduleState.swift */; };
		13AFA8B629D6CB2100DC1011 /* TimeTableScheduleView.swift in Sources */ = {isa = PBXBuildFile; fileRef = 13AFA8B529D6CB2100DC1011 /* TimeTableScheduleView.swift */; };
		13B424872A1E8C1900E68F88 /* Me.swift in Sources */ = {isa = PBXBuildFile; fileRef = 13B424862A1E8C1900E68F88 /* Me.swift */; };
		13C653612A17B73E00A7E866 /* TagDetailView.swift in Sources */ = {isa = PBXBuildFile; fileRef = 13C653602A17B73E00A7E866 /* TagDetailView.swift */; };
		13CE205D2A0A824200A7364B /* Holiday.swift in Sources */ = {isa = PBXBuildFile; fileRef = 13CE205C2A0A824200A7364B /* Holiday.swift */; };
		13D9B5AD29D5DDA100109C0E /* TimeTableTodoView.swift in Sources */ = {isa = PBXBuildFile; fileRef = 13D9B5AC29D5DDA100109C0E /* TimeTableTodoView.swift */; };
		13D9B5AF29D5E6E400109C0E /* TimeTableViewModel.swift in Sources */ = {isa = PBXBuildFile; fileRef = 13D9B5AE29D5E6E400109C0E /* TimeTableViewModel.swift */; };
		13DE94BA2A16848700D43105 /* SplashView.swift in Sources */ = {isa = PBXBuildFile; fileRef = 13DE94B92A16848700D43105 /* SplashView.swift */; };
		13DE94BD2A16854500D43105 /* LoginView.swift in Sources */ = {isa = PBXBuildFile; fileRef = 13DE94BC2A16854500D43105 /* LoginView.swift */; };
		13FAE4402A1DD32D007C3C5D /* MyView.swift in Sources */ = {isa = PBXBuildFile; fileRef = 13FAE43F2A1DD32D007C3C5D /* MyView.swift */; };
		13FAE4422A1DDA30007C3C5D /* SettingView.swift in Sources */ = {isa = PBXBuildFile; fileRef = 13FAE4412A1DDA30007C3C5D /* SettingView.swift */; };
		13FB7E9A29F65A7E006DEE87 /* TagManageView.swift in Sources */ = {isa = PBXBuildFile; fileRef = 13FB7E9929F65A7E006DEE87 /* TagManageView.swift */; };
		6F0B0F772A0E9FE00003F313 /* CommentService.swift in Sources */ = {isa = PBXBuildFile; fileRef = 6F0B0F762A0E9FE00003F313 /* CommentService.swift */; };
		6F0B0F792A0EABC00003F313 /* CommentFormViewModel.swift in Sources */ = {isa = PBXBuildFile; fileRef = 6F0B0F782A0EABC00003F313 /* CommentFormViewModel.swift */; };
		6F1082C72A0E43FF00CB89DB /* PostImage.swift in Sources */ = {isa = PBXBuildFile; fileRef = 6F1082C62A0E43FF00CB89DB /* PostImage.swift */; };
		6F1082C92A0E4A9100CB89DB /* ImageCache.swift in Sources */ = {isa = PBXBuildFile; fileRef = 6F1082C82A0E4A9100CB89DB /* ImageCache.swift */; };
		6F1082CB2A0E55D300CB89DB /* String.swift in Sources */ = {isa = PBXBuildFile; fileRef = 6F1082CA2A0E55D300CB89DB /* String.swift */; };
		6F1F9A232A00E36600C4ABF4 /* DropdownMenu.swift in Sources */ = {isa = PBXBuildFile; fileRef = 6F1F9A222A00E36600C4ABF4 /* DropdownMenu.swift */; };
		6F1F9A252A01212000C4ABF4 /* LookAroundView.swift in Sources */ = {isa = PBXBuildFile; fileRef = 6F1F9A242A01212000C4ABF4 /* LookAroundView.swift */; };
		6F1F9A292A013C2F00C4ABF4 /* FeedImage.swift in Sources */ = {isa = PBXBuildFile; fileRef = 6F1F9A282A013C2F00C4ABF4 /* FeedImage.swift */; };
		6F1F9A2B2A014A0F00C4ABF4 /* FriendView.swift in Sources */ = {isa = PBXBuildFile; fileRef = 6F1F9A2A2A014A0F00C4ABF4 /* FriendView.swift */; };
		6F360A132A13AA4C00D64BB6 /* HashTag.swift in Sources */ = {isa = PBXBuildFile; fileRef = 6F360A122A13AA4C00D64BB6 /* HashTag.swift */; };
		6F360A152A15EC9C00D64BB6 /* MediaListView.swift in Sources */ = {isa = PBXBuildFile; fileRef = 6F360A142A15EC9C00D64BB6 /* MediaListView.swift */; };
		6F360A172A15ECCB00D64BB6 /* HashTagView.swift in Sources */ = {isa = PBXBuildFile; fileRef = 6F360A162A15ECCB00D64BB6 /* HashTagView.swift */; };
		6F50BC342A0233A700AB7350 /* HaruHeader.swift in Sources */ = {isa = PBXBuildFile; fileRef = 6F50BC332A0233A700AB7350 /* HaruHeader.swift */; };
		6F54DF4929DC6B02002FAD7F /* ProfileInfoView.swift in Sources */ = {isa = PBXBuildFile; fileRef = 6F54DF4829DC6B02002FAD7F /* ProfileInfoView.swift */; };
		6F54DF4B29DC813D002FAD7F /* MediaView.swift in Sources */ = {isa = PBXBuildFile; fileRef = 6F54DF4A29DC813D002FAD7F /* MediaView.swift */; };
		6F54DF4D29DD63C2002FAD7F /* PostViewModel.swift in Sources */ = {isa = PBXBuildFile; fileRef = 6F54DF4C29DD63C2002FAD7F /* PostViewModel.swift */; };
		6F54DF4F29DD640C002FAD7F /* ProfileService.swift in Sources */ = {isa = PBXBuildFile; fileRef = 6F54DF4E29DD640C002FAD7F /* ProfileService.swift */; };
		6F54DF5129DD6884002FAD7F /* Profile.swift in Sources */ = {isa = PBXBuildFile; fileRef = 6F54DF5029DD6884002FAD7F /* Profile.swift */; };
		6F54DF5529DD7B85002FAD7F /* FeedListView.swift in Sources */ = {isa = PBXBuildFile; fileRef = 6F54DF5429DD7B85002FAD7F /* FeedListView.swift */; };
		6F54DF5729DD7C33002FAD7F /* FeedView.swift in Sources */ = {isa = PBXBuildFile; fileRef = 6F54DF5629DD7C33002FAD7F /* FeedView.swift */; };
		6F54DF5929DD919C002FAD7F /* ProfileFormView.swift in Sources */ = {isa = PBXBuildFile; fileRef = 6F54DF5829DD919C002FAD7F /* ProfileFormView.swift */; };
		6F54DF5F29DDCA26002FAD7F /* PopupImagePicker.swift in Sources */ = {isa = PBXBuildFile; fileRef = 6F54DF5E29DDCA26002FAD7F /* PopupImagePicker.swift */; };
		6F566C8329CEEE73000F0555 /* Font.swift in Sources */ = {isa = PBXBuildFile; fileRef = 6F566C8229CEEE73000F0555 /* Font.swift */; };
		6F61A95B2A246C79002609D6 /* KeyboardReadable.swift in Sources */ = {isa = PBXBuildFile; fileRef = 6F61A95A2A246C79002609D6 /* KeyboardReadable.swift */; };
		6F61A95D2A248181002609D6 /* CommentListView.swift in Sources */ = {isa = PBXBuildFile; fileRef = 6F61A95C2A248181002609D6 /* CommentListView.swift */; };
		6F62F4922A0B62DB001BA364 /* PostOption.swift in Sources */ = {isa = PBXBuildFile; fileRef = 6F62F4912A0B62DB001BA364 /* PostOption.swift */; };
		6F62F4942A0BA14F001BA364 /* ImageAsset.swift in Sources */ = {isa = PBXBuildFile; fileRef = 6F62F4932A0BA14F001BA364 /* ImageAsset.swift */; };
		6F62F4962A0BA212001BA364 /* ImagePickerViewModel.swift in Sources */ = {isa = PBXBuildFile; fileRef = 6F62F4952A0BA212001BA364 /* ImagePickerViewModel.swift */; };
		6F62F4982A0BAFA9001BA364 /* ImagePickerMode.swift in Sources */ = {isa = PBXBuildFile; fileRef = 6F62F4972A0BAFA9001BA364 /* ImagePickerMode.swift */; };
		6F62F49A2A0C3C34001BA364 /* PostFormPreView.swift in Sources */ = {isa = PBXBuildFile; fileRef = 6F62F4992A0C3C34001BA364 /* PostFormPreView.swift */; };
		6F62F49C2A0C3DAD001BA364 /* PostFormViewModel.swift in Sources */ = {isa = PBXBuildFile; fileRef = 6F62F49B2A0C3DAD001BA364 /* PostFormViewModel.swift */; };
		6F86EF1E29D0EBCA002436A5 /* AlarmOption.swift in Sources */ = {isa = PBXBuildFile; fileRef = 6F86EF1D29D0EBCA002436A5 /* AlarmOption.swift */; };
		6F87A5CA29D3022C002711D7 /* ScheduleFormMode.swift in Sources */ = {isa = PBXBuildFile; fileRef = 6F87A5C929D3022C002711D7 /* ScheduleFormMode.swift */; };
		6F8D8C422A02547300A32988 /* CustomNavBar.swift in Sources */ = {isa = PBXBuildFile; fileRef = 6F8D8C412A02547300A32988 /* CustomNavBar.swift */; };
		6F8D8C442A027F4B00A32988 /* Post.swift in Sources */ = {isa = PBXBuildFile; fileRef = 6F8D8C432A027F4B00A32988 /* Post.swift */; };
		6F8D8C462A0281E500A32988 /* PostService.swift in Sources */ = {isa = PBXBuildFile; fileRef = 6F8D8C452A0281E500A32988 /* PostService.swift */; };
		6F8D8C482A02B80300A32988 /* PostFormView.swift in Sources */ = {isa = PBXBuildFile; fileRef = 6F8D8C472A02B80300A32988 /* PostFormView.swift */; };
		6F9AE8652A21F26D00BD5269 /* UIApplication.swift in Sources */ = {isa = PBXBuildFile; fileRef = 6F9AE8642A21F26D00BD5269 /* UIApplication.swift */; };
		6FA3AFEE2A08CD4A00FD7F9D /* UserProfileViewModel.swift in Sources */ = {isa = PBXBuildFile; fileRef = 6FA3AFED2A08CD4A00FD7F9D /* UserProfileViewModel.swift */; };
		6FB144FD2A0A87D9006EA177 /* FriendService.swift in Sources */ = {isa = PBXBuildFile; fileRef = 6FB144FC2A0A87D9006EA177 /* FriendService.swift */; };
		6FBB613B2A0D49FD001A6DA3 /* CommentView.swift in Sources */ = {isa = PBXBuildFile; fileRef = 6FBB613A2A0D49FD001A6DA3 /* CommentView.swift */; };
		6FBB613D2A0D7131001A6DA3 /* TextFieldDynamicWidth.swift in Sources */ = {isa = PBXBuildFile; fileRef = 6FBB613C2A0D7131001A6DA3 /* TextFieldDynamicWidth.swift */; };
		6FBB613F2A0D79BA001A6DA3 /* MouseInsideModifier.swift in Sources */ = {isa = PBXBuildFile; fileRef = 6FBB613E2A0D79BA001A6DA3 /* MouseInsideModifier.swift */; };
		6FCD09B52A1E532D003F7AB8 /* ProfileView.swift in Sources */ = {isa = PBXBuildFile; fileRef = 6FCD09B42A1E532D003F7AB8 /* ProfileView.swift */; };
		6FD912C829D5F4DD00B4545F /* SlideOptionView.swift in Sources */ = {isa = PBXBuildFile; fileRef = 6FD912C729D5F4DD00B4545F /* SlideOptionView.swift */; };
		6FD912CC29D6D1DF00B4545F /* AlarmView.swift in Sources */ = {isa = PBXBuildFile; fileRef = 6FD912CB29D6D1DF00B4545F /* AlarmView.swift */; };
		6FE8908229DC5D4600A6B35C /* SNSView.swift in Sources */ = {isa = PBXBuildFile; fileRef = 6FE8908129DC5D4600A6B35C /* SNSView.swift */; };
		6FE8908429DC5F2500A6B35C /* ProfileImgView.swift in Sources */ = {isa = PBXBuildFile; fileRef = 6FE8908329DC5F2500A6B35C /* ProfileImgView.swift */; };
		AE5085A22A169A7200A373BC /* KakaoSDK in Frameworks */ = {isa = PBXBuildFile; productRef = AE5085A12A169A7200A373BC /* KakaoSDK */; };
		AE5085A42A169A7200A373BC /* KakaoSDKAuth in Frameworks */ = {isa = PBXBuildFile; productRef = AE5085A32A169A7200A373BC /* KakaoSDKAuth */; };
		AE5085A62A169A7200A373BC /* KakaoSDKCommon in Frameworks */ = {isa = PBXBuildFile; productRef = AE5085A52A169A7200A373BC /* KakaoSDKCommon */; };
		AE5085A82A169A7200A373BC /* KakaoSDKNavi in Frameworks */ = {isa = PBXBuildFile; productRef = AE5085A72A169A7200A373BC /* KakaoSDKNavi */; };
		AE5085AA2A169A7200A373BC /* KakaoSDKShare in Frameworks */ = {isa = PBXBuildFile; productRef = AE5085A92A169A7200A373BC /* KakaoSDKShare */; };
		AE5085AC2A169A7200A373BC /* KakaoSDKStory in Frameworks */ = {isa = PBXBuildFile; productRef = AE5085AB2A169A7200A373BC /* KakaoSDKStory */; };
		AE5085AE2A169A7200A373BC /* KakaoSDKTalk in Frameworks */ = {isa = PBXBuildFile; productRef = AE5085AD2A169A7200A373BC /* KakaoSDKTalk */; };
		AE5085B02A169A7200A373BC /* KakaoSDKTemplate in Frameworks */ = {isa = PBXBuildFile; productRef = AE5085AF2A169A7200A373BC /* KakaoSDKTemplate */; };
		AE5085B22A169A7200A373BC /* KakaoSDKUser in Frameworks */ = {isa = PBXBuildFile; productRef = AE5085B12A169A7200A373BC /* KakaoSDKUser */; };
		AE5085B52A16B07F00A373BC /* AuthViewModel.swift in Sources */ = {isa = PBXBuildFile; fileRef = AE5085B42A16B07F00A373BC /* AuthViewModel.swift */; };
		AE5085B72A16B21100A373BC /* AuthService.swift in Sources */ = {isa = PBXBuildFile; fileRef = AE5085B62A16B21100A373BC /* AuthService.swift */; };
		AE5085B92A16B44200A373BC /* Auth.swift in Sources */ = {isa = PBXBuildFile; fileRef = AE5085B82A16B44200A373BC /* Auth.swift */; };
		AE5085BD2A16C9C200A373BC /* KeyChainService.swift in Sources */ = {isa = PBXBuildFile; fileRef = AE5085BC2A16C9C200A373BC /* KeyChainService.swift */; };
		AE5085C02A176B2B00A373BC /* SignInWithAppleButton.swift in Sources */ = {isa = PBXBuildFile; fileRef = AE5085BF2A176B2B00A373BC /* SignInWithAppleButton.swift */; };
/* End PBXBuildFile section */

/* Begin PBXFileReference section */
		130666C829CEDF4A00AACEE6 /* Haru.app */ = {isa = PBXFileReference; explicitFileType = wrapper.application; includeInIndex = 0; path = Haru.app; sourceTree = BUILT_PRODUCTS_DIR; };
		130666CB29CEDF4A00AACEE6 /* HaruApp.swift */ = {isa = PBXFileReference; lastKnownFileType = sourcecode.swift; path = HaruApp.swift; sourceTree = "<group>"; };
		130666CF29CEDF4B00AACEE6 /* Assets.xcassets */ = {isa = PBXFileReference; lastKnownFileType = folder.assetcatalog; path = Assets.xcassets; sourceTree = "<group>"; };
		130666D229CEDF4B00AACEE6 /* Preview Assets.xcassets */ = {isa = PBXFileReference; lastKnownFileType = folder.assetcatalog; path = "Preview Assets.xcassets"; sourceTree = "<group>"; };
		130666E529CEE07600AACEE6 /* Pretendard-Black.otf */ = {isa = PBXFileReference; lastKnownFileType = file; path = "Pretendard-Black.otf"; sourceTree = "<group>"; };
		130666E629CEE07600AACEE6 /* Pretendard-Regular.otf */ = {isa = PBXFileReference; lastKnownFileType = file; path = "Pretendard-Regular.otf"; sourceTree = "<group>"; };
		130666E729CEE07600AACEE6 /* Pretendard-Bold.otf */ = {isa = PBXFileReference; lastKnownFileType = file; path = "Pretendard-Bold.otf"; sourceTree = "<group>"; };
		130666E829CEE07600AACEE6 /* Pretendard-Light.otf */ = {isa = PBXFileReference; lastKnownFileType = file; path = "Pretendard-Light.otf"; sourceTree = "<group>"; };
		130666E929CEE07600AACEE6 /* Pretendard-Medium.otf */ = {isa = PBXFileReference; lastKnownFileType = file; path = "Pretendard-Medium.otf"; sourceTree = "<group>"; };
		130666EA29CEE07600AACEE6 /* Pretendard-ExtraBold.otf */ = {isa = PBXFileReference; lastKnownFileType = file; path = "Pretendard-ExtraBold.otf"; sourceTree = "<group>"; };
		130666EB29CEE07600AACEE6 /* Pretendard-Thin.otf */ = {isa = PBXFileReference; lastKnownFileType = file; path = "Pretendard-Thin.otf"; sourceTree = "<group>"; };
		130666EC29CEE07600AACEE6 /* Pretendard-ExtraLight.otf */ = {isa = PBXFileReference; lastKnownFileType = file; path = "Pretendard-ExtraLight.otf"; sourceTree = "<group>"; };
		130666ED29CEE07600AACEE6 /* Pretendard-SemiBold.otf */ = {isa = PBXFileReference; lastKnownFileType = file; path = "Pretendard-SemiBold.otf"; sourceTree = "<group>"; };
		130666F729CEE0AC00AACEE6 /* Global.swift */ = {isa = PBXFileReference; fileEncoding = 4; lastKnownFileType = sourcecode.swift; path = Global.swift; sourceTree = "<group>"; };
		130666F929CEE0AC00AACEE6 /* Constants.swift */ = {isa = PBXFileReference; fileEncoding = 4; lastKnownFileType = sourcecode.swift; path = Constants.swift; sourceTree = "<group>"; };
		130666FD29CEE13200AACEE6 /* tagWithTodo.swift */ = {isa = PBXFileReference; fileEncoding = 4; lastKnownFileType = sourcecode.swift; path = tagWithTodo.swift; sourceTree = "<group>"; };
		130666FE29CEE13200AACEE6 /* DateValue.swift */ = {isa = PBXFileReference; fileEncoding = 4; lastKnownFileType = sourcecode.swift; path = DateValue.swift; sourceTree = "<group>"; };
		130666FF29CEE13200AACEE6 /* TodoLog.swift */ = {isa = PBXFileReference; fileEncoding = 4; lastKnownFileType = sourcecode.swift; path = TodoLog.swift; sourceTree = "<group>"; };
		1306670029CEE13200AACEE6 /* Day.swift */ = {isa = PBXFileReference; fileEncoding = 4; lastKnownFileType = sourcecode.swift; path = Day.swift; sourceTree = "<group>"; };
		1306670129CEE13200AACEE6 /* Tag.swift */ = {isa = PBXFileReference; fileEncoding = 4; lastKnownFileType = sourcecode.swift; path = Tag.swift; sourceTree = "<group>"; };
		1306670229CEE13200AACEE6 /* Request.swift */ = {isa = PBXFileReference; fileEncoding = 4; lastKnownFileType = sourcecode.swift; path = Request.swift; sourceTree = "<group>"; };
		1306670329CEE13200AACEE6 /* Schedule.swift */ = {isa = PBXFileReference; fileEncoding = 4; lastKnownFileType = sourcecode.swift; path = Schedule.swift; sourceTree = "<group>"; };
		1306670429CEE13200AACEE6 /* Productivity.swift */ = {isa = PBXFileReference; fileEncoding = 4; lastKnownFileType = sourcecode.swift; path = Productivity.swift; sourceTree = "<group>"; };
		1306670529CEE13200AACEE6 /* SubTodo.swift */ = {isa = PBXFileReference; fileEncoding = 4; lastKnownFileType = sourcecode.swift; path = SubTodo.swift; sourceTree = "<group>"; };
		1306670629CEE13200AACEE6 /* Todo.swift */ = {isa = PBXFileReference; fileEncoding = 4; lastKnownFileType = sourcecode.swift; path = Todo.swift; sourceTree = "<group>"; };
		1306670729CEE13200AACEE6 /* User.swift */ = {isa = PBXFileReference; fileEncoding = 4; lastKnownFileType = sourcecode.swift; path = User.swift; sourceTree = "<group>"; };
		1306670829CEE13200AACEE6 /* Alarm.swift */ = {isa = PBXFileReference; fileEncoding = 4; lastKnownFileType = sourcecode.swift; path = Alarm.swift; sourceTree = "<group>"; };
		1306670929CEE13200AACEE6 /* Category.swift */ = {isa = PBXFileReference; fileEncoding = 4; lastKnownFileType = sourcecode.swift; path = Category.swift; sourceTree = "<group>"; };
		1306671729CEE13F00AACEE6 /* ScheduleService.swift */ = {isa = PBXFileReference; fileEncoding = 4; lastKnownFileType = sourcecode.swift; path = ScheduleService.swift; sourceTree = "<group>"; };
		1306671829CEE13F00AACEE6 /* TagService.swift */ = {isa = PBXFileReference; fileEncoding = 4; lastKnownFileType = sourcecode.swift; path = TagService.swift; sourceTree = "<group>"; };
		1306671929CEE13F00AACEE6 /* CalendarService.swift */ = {isa = PBXFileReference; fileEncoding = 4; lastKnownFileType = sourcecode.swift; path = CalendarService.swift; sourceTree = "<group>"; };
		1306671A29CEE13F00AACEE6 /* CategoryService.swift */ = {isa = PBXFileReference; fileEncoding = 4; lastKnownFileType = sourcecode.swift; path = CategoryService.swift; sourceTree = "<group>"; };
		1306671B29CEE14000AACEE6 /* TodoService.swift */ = {isa = PBXFileReference; fileEncoding = 4; lastKnownFileType = sourcecode.swift; path = TodoService.swift; sourceTree = "<group>"; };
		1306672229CEE15A00AACEE6 /* TimeTableMainView.swift */ = {isa = PBXFileReference; fileEncoding = 4; lastKnownFileType = sourcecode.swift; path = TimeTableMainView.swift; sourceTree = "<group>"; };
		1306672629CEE19B00AACEE6 /* RootView.swift */ = {isa = PBXFileReference; fileEncoding = 4; lastKnownFileType = sourcecode.swift; path = RootView.swift; sourceTree = "<group>"; };
		1306673229CEE19C00AACEE6 /* CalendarDayView.swift */ = {isa = PBXFileReference; fileEncoding = 4; lastKnownFileType = sourcecode.swift; path = CalendarDayView.swift; sourceTree = "<group>"; };
		1306673329CEE19C00AACEE6 /* CategoryView.swift */ = {isa = PBXFileReference; fileEncoding = 4; lastKnownFileType = sourcecode.swift; path = CategoryView.swift; sourceTree = "<group>"; };
		1306673429CEE19C00AACEE6 /* CalendarDayDetailView.swift */ = {isa = PBXFileReference; fileEncoding = 4; lastKnownFileType = sourcecode.swift; path = CalendarDayDetailView.swift; sourceTree = "<group>"; };
		1306673529CEE19C00AACEE6 /* CalendarOptionView.swift */ = {isa = PBXFileReference; fileEncoding = 4; lastKnownFileType = sourcecode.swift; path = CalendarOptionView.swift; sourceTree = "<group>"; };
		1306673629CEE19C00AACEE6 /* CategoryFormView.swift */ = {isa = PBXFileReference; fileEncoding = 4; lastKnownFileType = sourcecode.swift; path = CategoryFormView.swift; sourceTree = "<group>"; };
		1306673729CEE19C00AACEE6 /* ScheduleFormView.swift */ = {isa = PBXFileReference; fileEncoding = 4; lastKnownFileType = sourcecode.swift; path = ScheduleFormView.swift; sourceTree = "<group>"; };
		1306673829CEE19C00AACEE6 /* CalendarDateItem.swift */ = {isa = PBXFileReference; fileEncoding = 4; lastKnownFileType = sourcecode.swift; path = CalendarDateItem.swift; sourceTree = "<group>"; };
		1306673929CEE19C00AACEE6 /* CalendarWeekView.swift */ = {isa = PBXFileReference; fileEncoding = 4; lastKnownFileType = sourcecode.swift; path = CalendarWeekView.swift; sourceTree = "<group>"; };
		1306673A29CEE19C00AACEE6 /* CalendarMainView.swift */ = {isa = PBXFileReference; fileEncoding = 4; lastKnownFileType = sourcecode.swift; path = CalendarMainView.swift; sourceTree = "<group>"; };
		1306673B29CEE19C00AACEE6 /* CalendarDateView.swift */ = {isa = PBXFileReference; fileEncoding = 4; lastKnownFileType = sourcecode.swift; path = CalendarDateView.swift; sourceTree = "<group>"; };
		1306673C29CEE19C00AACEE6 /* CalendarScheduleItem.swift */ = {isa = PBXFileReference; fileEncoding = 4; lastKnownFileType = sourcecode.swift; path = CalendarScheduleItem.swift; sourceTree = "<group>"; };
		1306674729CEE19C00AACEE6 /* TodoView.swift */ = {isa = PBXFileReference; fileEncoding = 4; lastKnownFileType = sourcecode.swift; path = TodoView.swift; sourceTree = "<group>"; };
		1306674829CEE19C00AACEE6 /* ListView.swift */ = {isa = PBXFileReference; fileEncoding = 4; lastKnownFileType = sourcecode.swift; path = ListView.swift; sourceTree = "<group>"; };
		1306674929CEE19C00AACEE6 /* CheckListView.swift */ = {isa = PBXFileReference; fileEncoding = 4; lastKnownFileType = sourcecode.swift; path = CheckListView.swift; sourceTree = "<group>"; };
		1306674A29CEE19C00AACEE6 /* ListSectionView.swift */ = {isa = PBXFileReference; fileEncoding = 4; lastKnownFileType = sourcecode.swift; path = ListSectionView.swift; sourceTree = "<group>"; };
		1306674B29CEE19C00AACEE6 /* TodoAddView.swift */ = {isa = PBXFileReference; fileEncoding = 4; lastKnownFileType = sourcecode.swift; path = TodoAddView.swift; sourceTree = "<group>"; };
		1306674C29CEE19C00AACEE6 /* TagView.swift */ = {isa = PBXFileReference; fileEncoding = 4; lastKnownFileType = sourcecode.swift; path = TagView.swift; sourceTree = "<group>"; };
		1306674D29CEE19C00AACEE6 /* TagListView.swift */ = {isa = PBXFileReference; fileEncoding = 4; lastKnownFileType = sourcecode.swift; path = TagListView.swift; sourceTree = "<group>"; };
		1306674E29CEE19C00AACEE6 /* SubTodoView.swift */ = {isa = PBXFileReference; fileEncoding = 4; lastKnownFileType = sourcecode.swift; path = SubTodoView.swift; sourceTree = "<group>"; };
		1306674F29CEE19C00AACEE6 /* HaruView.swift */ = {isa = PBXFileReference; fileEncoding = 4; lastKnownFileType = sourcecode.swift; path = HaruView.swift; sourceTree = "<group>"; };
		1306675029CEE19C00AACEE6 /* HaruLinkView.swift */ = {isa = PBXFileReference; fileEncoding = 4; lastKnownFileType = sourcecode.swift; path = HaruLinkView.swift; sourceTree = "<group>"; };
		1306677C29CEE1D300AACEE6 /* CheckListViewModel.swift */ = {isa = PBXFileReference; fileEncoding = 4; lastKnownFileType = sourcecode.swift; path = CheckListViewModel.swift; sourceTree = "<group>"; };
		1306677D29CEE1D300AACEE6 /* TodoAddViewModel.swift */ = {isa = PBXFileReference; fileEncoding = 4; lastKnownFileType = sourcecode.swift; path = TodoAddViewModel.swift; sourceTree = "<group>"; };
		1306677E29CEE1D300AACEE6 /* ScheduleFormViewModel.swift */ = {isa = PBXFileReference; fileEncoding = 4; lastKnownFileType = sourcecode.swift; path = ScheduleFormViewModel.swift; sourceTree = "<group>"; };
		1306677F29CEE1D300AACEE6 /* CalendarViewModel.swift */ = {isa = PBXFileReference; fileEncoding = 4; lastKnownFileType = sourcecode.swift; path = CalendarViewModel.swift; sourceTree = "<group>"; };
		1306678429CEE1E300AACEE6 /* Modal.swift */ = {isa = PBXFileReference; fileEncoding = 4; lastKnownFileType = sourcecode.swift; path = Modal.swift; sourceTree = "<group>"; };
		1306678529CEE1E300AACEE6 /* CategoryModal.swift */ = {isa = PBXFileReference; fileEncoding = 4; lastKnownFileType = sourcecode.swift; path = CategoryModal.swift; sourceTree = "<group>"; };
		1306678629CEE1E300AACEE6 /* StarButton.swift */ = {isa = PBXFileReference; fileEncoding = 4; lastKnownFileType = sourcecode.swift; path = StarButton.swift; sourceTree = "<group>"; };
		1306678829CEE1E300AACEE6 /* CustomToggleStyle.swift */ = {isa = PBXFileReference; fileEncoding = 4; lastKnownFileType = sourcecode.swift; path = CustomToggleStyle.swift; sourceTree = "<group>"; };
		1306678929CEE1E300AACEE6 /* CompleteButton.swift */ = {isa = PBXFileReference; fileEncoding = 4; lastKnownFileType = sourcecode.swift; path = CompleteButton.swift; sourceTree = "<group>"; };
		1306678A29CEE1E300AACEE6 /* CustomDatePicker.swift */ = {isa = PBXFileReference; fileEncoding = 4; lastKnownFileType = sourcecode.swift; path = CustomDatePicker.swift; sourceTree = "<group>"; };
		1306678B29CEE1E300AACEE6 /* EmptySectionView.swift */ = {isa = PBXFileReference; fileEncoding = 4; lastKnownFileType = sourcecode.swift; path = EmptySectionView.swift; sourceTree = "<group>"; };
		1306678C29CEE1E300AACEE6 /* DayButton.swift */ = {isa = PBXFileReference; fileEncoding = 4; lastKnownFileType = sourcecode.swift; path = DayButton.swift; sourceTree = "<group>"; };
		1306679729CEE1F200AACEE6 /* UINavigationController.swift */ = {isa = PBXFileReference; fileEncoding = 4; lastKnownFileType = sourcecode.swift; path = UINavigationController.swift; sourceTree = "<group>"; };
		1306679829CEE1F200AACEE6 /* AnyTransition.swift */ = {isa = PBXFileReference; fileEncoding = 4; lastKnownFileType = sourcecode.swift; path = AnyTransition.swift; sourceTree = "<group>"; };
		1306679929CEE1F200AACEE6 /* Border.swift */ = {isa = PBXFileReference; fileEncoding = 4; lastKnownFileType = sourcecode.swift; path = Border.swift; sourceTree = "<group>"; };
		1306679A29CEE1F200AACEE6 /* Data.swift */ = {isa = PBXFileReference; fileEncoding = 4; lastKnownFileType = sourcecode.swift; path = Data.swift; sourceTree = "<group>"; };
		1306679B29CEE1F200AACEE6 /* Date.swift */ = {isa = PBXFileReference; fileEncoding = 4; lastKnownFileType = sourcecode.swift; path = Date.swift; sourceTree = "<group>"; };
		1306679C29CEE1F200AACEE6 /* ShapeStyle.swift */ = {isa = PBXFileReference; fileEncoding = 4; lastKnownFileType = sourcecode.swift; path = ShapeStyle.swift; sourceTree = "<group>"; };
		1306679D29CEE1F200AACEE6 /* View.swift */ = {isa = PBXFileReference; fileEncoding = 4; lastKnownFileType = sourcecode.swift; path = View.swift; sourceTree = "<group>"; };
		1306679E29CEE1F200AACEE6 /* Color.swift */ = {isa = PBXFileReference; fileEncoding = 4; lastKnownFileType = sourcecode.swift; path = Color.swift; sourceTree = "<group>"; };
		130667A829CEE1FE00AACEE6 /* RepeatOption.swift */ = {isa = PBXFileReference; fileEncoding = 4; lastKnownFileType = sourcecode.swift; path = RepeatOption.swift; sourceTree = "<group>"; };
		130667A929CEE1FE00AACEE6 /* TodoAddMode.swift */ = {isa = PBXFileReference; fileEncoding = 4; lastKnownFileType = sourcecode.swift; path = TodoAddMode.swift; sourceTree = "<group>"; };
		130667AC29CEE1FE00AACEE6 /* Calendar.swift */ = {isa = PBXFileReference; fileEncoding = 4; lastKnownFileType = sourcecode.swift; path = Calendar.swift; sourceTree = "<group>"; };
		130667B229CEE20A00AACEE6 /* CalendarHelper.swift */ = {isa = PBXFileReference; fileEncoding = 4; lastKnownFileType = sourcecode.swift; path = CalendarHelper.swift; sourceTree = "<group>"; };
		1342D4DB2A1F7A74006758E9 /* SignUpView.swift */ = {isa = PBXFileReference; lastKnownFileType = sourcecode.swift; path = SignUpView.swift; sourceTree = "<group>"; };
		1342D4DD2A1FBDB0006758E9 /* SettingHeader.swift */ = {isa = PBXFileReference; lastKnownFileType = sourcecode.swift; path = SettingHeader.swift; sourceTree = "<group>"; };
		1342D4DF2A1FBE87006758E9 /* AccountView.swift */ = {isa = PBXFileReference; lastKnownFileType = sourcecode.swift; path = AccountView.swift; sourceTree = "<group>"; };
		1342D4E12A1FD4EC006758E9 /* PrivacyView.swift */ = {isa = PBXFileReference; lastKnownFileType = sourcecode.swift; path = PrivacyView.swift; sourceTree = "<group>"; };
		134F5FED29DD356C0072704B /* ScheduleItemView.swift */ = {isa = PBXFileReference; lastKnownFileType = sourcecode.swift; path = ScheduleItemView.swift; sourceTree = "<group>"; };
		134F5FEF29DD7BE80072704B /* ScheduleTopItemView.swift */ = {isa = PBXFileReference; lastKnownFileType = sourcecode.swift; path = ScheduleTopItemView.swift; sourceTree = "<group>"; };
		134F5FF129DF1A240072704B /* TimeTableScheduleTopView.swift */ = {isa = PBXFileReference; lastKnownFileType = sourcecode.swift; path = TimeTableScheduleTopView.swift; sourceTree = "<group>"; };
		134F5FF329DF1FF90072704B /* TimeTableTodoRow.swift */ = {isa = PBXFileReference; lastKnownFileType = sourcecode.swift; path = TimeTableTodoRow.swift; sourceTree = "<group>"; };
		134F5FF529DF20160072704B /* TimeTableTodoItem.swift */ = {isa = PBXFileReference; lastKnownFileType = sourcecode.swift; path = TimeTableTodoItem.swift; sourceTree = "<group>"; };
		1356621729D1EE29003CAD1B /* DefaultTag.swift */ = {isa = PBXFileReference; lastKnownFileType = sourcecode.swift; path = DefaultTag.swift; sourceTree = "<group>"; };
		137414BC29CEE5A7005A8282 /* Info.plist */ = {isa = PBXFileReference; lastKnownFileType = text.plist.xml; path = Info.plist; sourceTree = "<group>"; };
		1392241B2A20A765002894B2 /* ScreenView.swift */ = {isa = PBXFileReference; lastKnownFileType = sourcecode.swift; path = ScreenView.swift; sourceTree = "<group>"; };
		1392241D2A20A7C0002894B2 /* InformationView.swift */ = {isa = PBXFileReference; lastKnownFileType = sourcecode.swift; path = InformationView.swift; sourceTree = "<group>"; };
		1392241F2A20C532002894B2 /* UserService.swift */ = {isa = PBXFileReference; lastKnownFileType = sourcecode.swift; path = UserService.swift; sourceTree = "<group>"; };
		139224272A210340002894B2 /* CustomTabView.swift */ = {isa = PBXFileReference; lastKnownFileType = sourcecode.swift; path = CustomTabView.swift; sourceTree = "<group>"; };
		139224292A210AE3002894B2 /* Tab.swift */ = {isa = PBXFileReference; lastKnownFileType = sourcecode.swift; path = Tab.swift; sourceTree = "<group>"; };
		139F99622A0BA12500BD56C7 /* RepeatAt.swift */ = {isa = PBXFileReference; lastKnownFileType = sourcecode.swift; path = RepeatAt.swift; sourceTree = "<group>"; };
		13A57DBC2A13587E0010A481 /* TodoState.swift */ = {isa = PBXFileReference; lastKnownFileType = sourcecode.swift; path = TodoState.swift; sourceTree = "<group>"; };
		13A57DBE2A1358B40010A481 /* ScheduleState.swift */ = {isa = PBXFileReference; lastKnownFileType = sourcecode.swift; path = ScheduleState.swift; sourceTree = "<group>"; };
		13AFA8B529D6CB2100DC1011 /* TimeTableScheduleView.swift */ = {isa = PBXFileReference; lastKnownFileType = sourcecode.swift; path = TimeTableScheduleView.swift; sourceTree = "<group>"; };
		13B424862A1E8C1900E68F88 /* Me.swift */ = {isa = PBXFileReference; lastKnownFileType = sourcecode.swift; path = Me.swift; sourceTree = "<group>"; };
		13C653602A17B73E00A7E866 /* TagDetailView.swift */ = {isa = PBXFileReference; lastKnownFileType = sourcecode.swift; path = TagDetailView.swift; sourceTree = "<group>"; };
		13CE205C2A0A824200A7364B /* Holiday.swift */ = {isa = PBXFileReference; lastKnownFileType = sourcecode.swift; path = Holiday.swift; sourceTree = "<group>"; };
		13D9B5AC29D5DDA100109C0E /* TimeTableTodoView.swift */ = {isa = PBXFileReference; lastKnownFileType = sourcecode.swift; path = TimeTableTodoView.swift; sourceTree = "<group>"; };
		13D9B5AE29D5E6E400109C0E /* TimeTableViewModel.swift */ = {isa = PBXFileReference; lastKnownFileType = sourcecode.swift; path = TimeTableViewModel.swift; sourceTree = "<group>"; };
		13DE94B92A16848700D43105 /* SplashView.swift */ = {isa = PBXFileReference; lastKnownFileType = sourcecode.swift; path = SplashView.swift; sourceTree = "<group>"; };
		13DE94BC2A16854500D43105 /* LoginView.swift */ = {isa = PBXFileReference; lastKnownFileType = sourcecode.swift; path = LoginView.swift; sourceTree = "<group>"; };
		13FAE43F2A1DD32D007C3C5D /* MyView.swift */ = {isa = PBXFileReference; lastKnownFileType = sourcecode.swift; path = MyView.swift; sourceTree = "<group>"; };
		13FAE4412A1DDA30007C3C5D /* SettingView.swift */ = {isa = PBXFileReference; lastKnownFileType = sourcecode.swift; path = SettingView.swift; sourceTree = "<group>"; };
		13FB7E9929F65A7E006DEE87 /* TagManageView.swift */ = {isa = PBXFileReference; lastKnownFileType = sourcecode.swift; path = TagManageView.swift; sourceTree = "<group>"; };
		6F0B0F762A0E9FE00003F313 /* CommentService.swift */ = {isa = PBXFileReference; lastKnownFileType = sourcecode.swift; path = CommentService.swift; sourceTree = "<group>"; };
		6F0B0F782A0EABC00003F313 /* CommentFormViewModel.swift */ = {isa = PBXFileReference; lastKnownFileType = sourcecode.swift; path = CommentFormViewModel.swift; sourceTree = "<group>"; };
		6F1082C62A0E43FF00CB89DB /* PostImage.swift */ = {isa = PBXFileReference; lastKnownFileType = sourcecode.swift; path = PostImage.swift; sourceTree = "<group>"; };
		6F1082C82A0E4A9100CB89DB /* ImageCache.swift */ = {isa = PBXFileReference; lastKnownFileType = sourcecode.swift; path = ImageCache.swift; sourceTree = "<group>"; };
		6F1082CA2A0E55D300CB89DB /* String.swift */ = {isa = PBXFileReference; lastKnownFileType = sourcecode.swift; path = String.swift; sourceTree = "<group>"; };
		6F1F9A222A00E36600C4ABF4 /* DropdownMenu.swift */ = {isa = PBXFileReference; lastKnownFileType = sourcecode.swift; path = DropdownMenu.swift; sourceTree = "<group>"; };
		6F1F9A242A01212000C4ABF4 /* LookAroundView.swift */ = {isa = PBXFileReference; lastKnownFileType = sourcecode.swift; path = LookAroundView.swift; sourceTree = "<group>"; };
		6F1F9A282A013C2F00C4ABF4 /* FeedImage.swift */ = {isa = PBXFileReference; lastKnownFileType = sourcecode.swift; path = FeedImage.swift; sourceTree = "<group>"; };
		6F1F9A2A2A014A0F00C4ABF4 /* FriendView.swift */ = {isa = PBXFileReference; lastKnownFileType = sourcecode.swift; path = FriendView.swift; sourceTree = "<group>"; };
		6F360A122A13AA4C00D64BB6 /* HashTag.swift */ = {isa = PBXFileReference; lastKnownFileType = sourcecode.swift; path = HashTag.swift; sourceTree = "<group>"; };
		6F360A142A15EC9C00D64BB6 /* MediaListView.swift */ = {isa = PBXFileReference; lastKnownFileType = sourcecode.swift; path = MediaListView.swift; sourceTree = "<group>"; };
		6F360A162A15ECCB00D64BB6 /* HashTagView.swift */ = {isa = PBXFileReference; lastKnownFileType = sourcecode.swift; path = HashTagView.swift; sourceTree = "<group>"; };
		6F50BC332A0233A700AB7350 /* HaruHeader.swift */ = {isa = PBXFileReference; lastKnownFileType = sourcecode.swift; path = HaruHeader.swift; sourceTree = "<group>"; };
		6F54DF4829DC6B02002FAD7F /* ProfileInfoView.swift */ = {isa = PBXFileReference; lastKnownFileType = sourcecode.swift; path = ProfileInfoView.swift; sourceTree = "<group>"; };
		6F54DF4A29DC813D002FAD7F /* MediaView.swift */ = {isa = PBXFileReference; lastKnownFileType = sourcecode.swift; path = MediaView.swift; sourceTree = "<group>"; };
		6F54DF4C29DD63C2002FAD7F /* PostViewModel.swift */ = {isa = PBXFileReference; lastKnownFileType = sourcecode.swift; path = PostViewModel.swift; sourceTree = "<group>"; };
		6F54DF4E29DD640C002FAD7F /* ProfileService.swift */ = {isa = PBXFileReference; lastKnownFileType = sourcecode.swift; path = ProfileService.swift; sourceTree = "<group>"; };
		6F54DF5029DD6884002FAD7F /* Profile.swift */ = {isa = PBXFileReference; lastKnownFileType = sourcecode.swift; path = Profile.swift; sourceTree = "<group>"; };
		6F54DF5429DD7B85002FAD7F /* FeedListView.swift */ = {isa = PBXFileReference; lastKnownFileType = sourcecode.swift; path = FeedListView.swift; sourceTree = "<group>"; };
		6F54DF5629DD7C33002FAD7F /* FeedView.swift */ = {isa = PBXFileReference; lastKnownFileType = sourcecode.swift; path = FeedView.swift; sourceTree = "<group>"; };
		6F54DF5829DD919C002FAD7F /* ProfileFormView.swift */ = {isa = PBXFileReference; lastKnownFileType = sourcecode.swift; path = ProfileFormView.swift; sourceTree = "<group>"; };
		6F54DF5E29DDCA26002FAD7F /* PopupImagePicker.swift */ = {isa = PBXFileReference; lastKnownFileType = sourcecode.swift; path = PopupImagePicker.swift; sourceTree = "<group>"; };
		6F566C8229CEEE73000F0555 /* Font.swift */ = {isa = PBXFileReference; lastKnownFileType = sourcecode.swift; path = Font.swift; sourceTree = "<group>"; };
		6F61A95A2A246C79002609D6 /* KeyboardReadable.swift */ = {isa = PBXFileReference; lastKnownFileType = sourcecode.swift; path = KeyboardReadable.swift; sourceTree = "<group>"; };
		6F61A95C2A248181002609D6 /* CommentListView.swift */ = {isa = PBXFileReference; lastKnownFileType = sourcecode.swift; path = CommentListView.swift; sourceTree = "<group>"; };
		6F62F4912A0B62DB001BA364 /* PostOption.swift */ = {isa = PBXFileReference; lastKnownFileType = sourcecode.swift; path = PostOption.swift; sourceTree = "<group>"; };
		6F62F4932A0BA14F001BA364 /* ImageAsset.swift */ = {isa = PBXFileReference; lastKnownFileType = sourcecode.swift; path = ImageAsset.swift; sourceTree = "<group>"; };
		6F62F4952A0BA212001BA364 /* ImagePickerViewModel.swift */ = {isa = PBXFileReference; lastKnownFileType = sourcecode.swift; path = ImagePickerViewModel.swift; sourceTree = "<group>"; };
		6F62F4972A0BAFA9001BA364 /* ImagePickerMode.swift */ = {isa = PBXFileReference; lastKnownFileType = sourcecode.swift; path = ImagePickerMode.swift; sourceTree = "<group>"; };
		6F62F4992A0C3C34001BA364 /* PostFormPreView.swift */ = {isa = PBXFileReference; lastKnownFileType = sourcecode.swift; path = PostFormPreView.swift; sourceTree = "<group>"; };
		6F62F49B2A0C3DAD001BA364 /* PostFormViewModel.swift */ = {isa = PBXFileReference; lastKnownFileType = sourcecode.swift; path = PostFormViewModel.swift; sourceTree = "<group>"; };
		6F86EF1D29D0EBCA002436A5 /* AlarmOption.swift */ = {isa = PBXFileReference; lastKnownFileType = sourcecode.swift; path = AlarmOption.swift; sourceTree = "<group>"; };
		6F87A5C929D3022C002711D7 /* ScheduleFormMode.swift */ = {isa = PBXFileReference; lastKnownFileType = sourcecode.swift; path = ScheduleFormMode.swift; sourceTree = "<group>"; };
		6F8D8C412A02547300A32988 /* CustomNavBar.swift */ = {isa = PBXFileReference; lastKnownFileType = sourcecode.swift; path = CustomNavBar.swift; sourceTree = "<group>"; };
		6F8D8C432A027F4B00A32988 /* Post.swift */ = {isa = PBXFileReference; lastKnownFileType = sourcecode.swift; path = Post.swift; sourceTree = "<group>"; };
		6F8D8C452A0281E500A32988 /* PostService.swift */ = {isa = PBXFileReference; lastKnownFileType = sourcecode.swift; path = PostService.swift; sourceTree = "<group>"; };
		6F8D8C472A02B80300A32988 /* PostFormView.swift */ = {isa = PBXFileReference; lastKnownFileType = sourcecode.swift; path = PostFormView.swift; sourceTree = "<group>"; };
		6F9AE8642A21F26D00BD5269 /* UIApplication.swift */ = {isa = PBXFileReference; lastKnownFileType = sourcecode.swift; path = UIApplication.swift; sourceTree = "<group>"; };
		6FA3AFED2A08CD4A00FD7F9D /* UserProfileViewModel.swift */ = {isa = PBXFileReference; lastKnownFileType = sourcecode.swift; path = UserProfileViewModel.swift; sourceTree = "<group>"; };
		6FB144FC2A0A87D9006EA177 /* FriendService.swift */ = {isa = PBXFileReference; lastKnownFileType = sourcecode.swift; path = FriendService.swift; sourceTree = "<group>"; };
		6FBB613A2A0D49FD001A6DA3 /* CommentView.swift */ = {isa = PBXFileReference; lastKnownFileType = sourcecode.swift; path = CommentView.swift; sourceTree = "<group>"; };
		6FBB613C2A0D7131001A6DA3 /* TextFieldDynamicWidth.swift */ = {isa = PBXFileReference; lastKnownFileType = sourcecode.swift; path = TextFieldDynamicWidth.swift; sourceTree = "<group>"; };
		6FBB613E2A0D79BA001A6DA3 /* MouseInsideModifier.swift */ = {isa = PBXFileReference; lastKnownFileType = sourcecode.swift; path = MouseInsideModifier.swift; sourceTree = "<group>"; };
		6FCD09B42A1E532D003F7AB8 /* ProfileView.swift */ = {isa = PBXFileReference; lastKnownFileType = sourcecode.swift; path = ProfileView.swift; sourceTree = "<group>"; };
		6FD912C729D5F4DD00B4545F /* SlideOptionView.swift */ = {isa = PBXFileReference; lastKnownFileType = sourcecode.swift; path = SlideOptionView.swift; sourceTree = "<group>"; };
		6FD912CB29D6D1DF00B4545F /* AlarmView.swift */ = {isa = PBXFileReference; lastKnownFileType = sourcecode.swift; path = AlarmView.swift; sourceTree = "<group>"; };
		6FDD752D2A18869700360FED /* env.xcconfig */ = {isa = PBXFileReference; lastKnownFileType = text.xcconfig; path = env.xcconfig; sourceTree = "<group>"; };
		6FE8908129DC5D4600A6B35C /* SNSView.swift */ = {isa = PBXFileReference; lastKnownFileType = sourcecode.swift; path = SNSView.swift; sourceTree = "<group>"; };
		6FE8908329DC5F2500A6B35C /* ProfileImgView.swift */ = {isa = PBXFileReference; lastKnownFileType = sourcecode.swift; path = ProfileImgView.swift; sourceTree = "<group>"; };
		AE5085B42A16B07F00A373BC /* AuthViewModel.swift */ = {isa = PBXFileReference; lastKnownFileType = sourcecode.swift; path = AuthViewModel.swift; sourceTree = "<group>"; };
		AE5085B62A16B21100A373BC /* AuthService.swift */ = {isa = PBXFileReference; lastKnownFileType = sourcecode.swift; path = AuthService.swift; sourceTree = "<group>"; };
		AE5085B82A16B44200A373BC /* Auth.swift */ = {isa = PBXFileReference; lastKnownFileType = sourcecode.swift; path = Auth.swift; sourceTree = "<group>"; };
		AE5085BC2A16C9C200A373BC /* KeyChainService.swift */ = {isa = PBXFileReference; lastKnownFileType = sourcecode.swift; path = KeyChainService.swift; sourceTree = "<group>"; };
		AE5085BE2A17663B00A373BC /* Haru.entitlements */ = {isa = PBXFileReference; lastKnownFileType = text.plist.entitlements; path = Haru.entitlements; sourceTree = "<group>"; };
		AE5085BF2A176B2B00A373BC /* SignInWithAppleButton.swift */ = {isa = PBXFileReference; lastKnownFileType = sourcecode.swift; path = SignInWithAppleButton.swift; sourceTree = "<group>"; };
/* End PBXFileReference section */

/* Begin PBXFrameworksBuildPhase section */
		130666C529CEDF4A00AACEE6 /* Frameworks */ = {
			isa = PBXFrameworksBuildPhase;
			buildActionMask = 2147483647;
			files = (
				130667C829CEE35400AACEE6 /* PopupView in Frameworks */,
				AE5085AA2A169A7200A373BC /* KakaoSDKShare in Frameworks */,
				AE5085AC2A169A7200A373BC /* KakaoSDKStory in Frameworks */,
				AE5085B02A169A7200A373BC /* KakaoSDKTemplate in Frameworks */,
				AE5085A22A169A7200A373BC /* KakaoSDK in Frameworks */,
				130667C529CEE33200AACEE6 /* Alamofire in Frameworks */,
				130667CB29CEE38500AACEE6 /* SwiftUIPager in Frameworks */,
				AE5085A82A169A7200A373BC /* KakaoSDKNavi in Frameworks */,
				AE5085B22A169A7200A373BC /* KakaoSDKUser in Frameworks */,
				AE5085AE2A169A7200A373BC /* KakaoSDKTalk in Frameworks */,
				AE5085A62A169A7200A373BC /* KakaoSDKCommon in Frameworks */,
				AE5085A42A169A7200A373BC /* KakaoSDKAuth in Frameworks */,
			);
			runOnlyForDeploymentPostprocessing = 0;
		};
/* End PBXFrameworksBuildPhase section */

/* Begin PBXGroup section */
		130666BF29CEDF4A00AACEE6 = {
			isa = PBXGroup;
			children = (
				130666CA29CEDF4A00AACEE6 /* Haru */,
				130666C929CEDF4A00AACEE6 /* Products */,
			);
			sourceTree = "<group>";
		};
		130666C929CEDF4A00AACEE6 /* Products */ = {
			isa = PBXGroup;
			children = (
				130666C829CEDF4A00AACEE6 /* Haru.app */,
			);
			name = Products;
			sourceTree = "<group>";
		};
		130666CA29CEDF4A00AACEE6 /* Haru */ = {
			isa = PBXGroup;
			children = (
				AE5085BE2A17663B00A373BC /* Haru.entitlements */,
				130666CF29CEDF4B00AACEE6 /* Assets.xcassets */,
				130666DF29CEDFF300AACEE6 /* Components */,
				130666E229CEE01800AACEE6 /* Enumerations */,
				130666E029CEDFF900AACEE6 /* Extensions */,
				130666D929CEDF9C00AACEE6 /* Fonts */,
				130666DA29CEDFA600AACEE6 /* Global */,
				130666CB29CEDF4A00AACEE6 /* HaruApp.swift */,
				137414BC29CEE5A7005A8282 /* Info.plist */,
				130666DB29CEDFCC00AACEE6 /* Models */,
				130666D129CEDF4B00AACEE6 /* Preview Content */,
				130666DC29CEDFD200AACEE6 /* Services */,
				130666E129CEDFFD00AACEE6 /* Utilities */,
				130666DE29CEDFEE00AACEE6 /* ViewModels */,
				130666DD29CEDFE500AACEE6 /* Views */,
			);
			path = Haru;
			sourceTree = "<group>";
		};
		130666D129CEDF4B00AACEE6 /* Preview Content */ = {
			isa = PBXGroup;
			children = (
				130666D229CEDF4B00AACEE6 /* Preview Assets.xcassets */,
			);
			path = "Preview Content";
			sourceTree = "<group>";
		};
		130666D929CEDF9C00AACEE6 /* Fonts */ = {
			isa = PBXGroup;
			children = (
				130666E529CEE07600AACEE6 /* Pretendard-Black.otf */,
				130666E729CEE07600AACEE6 /* Pretendard-Bold.otf */,
				130666EA29CEE07600AACEE6 /* Pretendard-ExtraBold.otf */,
				130666EC29CEE07600AACEE6 /* Pretendard-ExtraLight.otf */,
				130666E829CEE07600AACEE6 /* Pretendard-Light.otf */,
				130666E929CEE07600AACEE6 /* Pretendard-Medium.otf */,
				130666E629CEE07600AACEE6 /* Pretendard-Regular.otf */,
				130666ED29CEE07600AACEE6 /* Pretendard-SemiBold.otf */,
				130666EB29CEE07600AACEE6 /* Pretendard-Thin.otf */,
			);
			path = Fonts;
			sourceTree = "<group>";
		};
		130666DA29CEDFA600AACEE6 /* Global */ = {
			isa = PBXGroup;
			children = (
				13A57DC02A1359430010A481 /* State */,
				130666F929CEE0AC00AACEE6 /* Constants.swift */,
				130666F729CEE0AC00AACEE6 /* Global.swift */,
				6FDD752D2A18869700360FED /* env.xcconfig */,
			);
			path = Global;
			sourceTree = "<group>";
		};
		130666DB29CEDFCC00AACEE6 /* Models */ = {
			isa = PBXGroup;
			children = (
				1306670829CEE13200AACEE6 /* Alarm.swift */,
				1306670929CEE13200AACEE6 /* Category.swift */,
				130666FE29CEE13200AACEE6 /* DateValue.swift */,
				1306670029CEE13200AACEE6 /* Day.swift */,
				1306670429CEE13200AACEE6 /* Productivity.swift */,
				1306670229CEE13200AACEE6 /* Request.swift */,
				1306670329CEE13200AACEE6 /* Schedule.swift */,
				1306670529CEE13200AACEE6 /* SubTodo.swift */,
				1306670129CEE13200AACEE6 /* Tag.swift */,
				130666FD29CEE13200AACEE6 /* tagWithTodo.swift */,
				1306670629CEE13200AACEE6 /* Todo.swift */,
				130666FF29CEE13200AACEE6 /* TodoLog.swift */,
				1306670729CEE13200AACEE6 /* User.swift */,
				6F54DF5029DD6884002FAD7F /* Profile.swift */,
				6F8D8C432A027F4B00A32988 /* Post.swift */,
				6F62F4932A0BA14F001BA364 /* ImageAsset.swift */,
				6F1082C62A0E43FF00CB89DB /* PostImage.swift */,
				13CE205C2A0A824200A7364B /* Holiday.swift */,
				AE5085B82A16B44200A373BC /* Auth.swift */,
				6F360A122A13AA4C00D64BB6 /* HashTag.swift */,
				13B424862A1E8C1900E68F88 /* Me.swift */,
			);
			path = Models;
			sourceTree = "<group>";
		};
		130666DC29CEDFD200AACEE6 /* Services */ = {
			isa = PBXGroup;
			children = (
				1306671929CEE13F00AACEE6 /* CalendarService.swift */,
				1306671A29CEE13F00AACEE6 /* CategoryService.swift */,
				1306671729CEE13F00AACEE6 /* ScheduleService.swift */,
				1306671829CEE13F00AACEE6 /* TagService.swift */,
				1306671B29CEE14000AACEE6 /* TodoService.swift */,
				6F54DF4E29DD640C002FAD7F /* ProfileService.swift */,
				6F8D8C452A0281E500A32988 /* PostService.swift */,
				6FB144FC2A0A87D9006EA177 /* FriendService.swift */,
				AE5085B62A16B21100A373BC /* AuthService.swift */,
				6F0B0F762A0E9FE00003F313 /* CommentService.swift */,
				1392241F2A20C532002894B2 /* UserService.swift */,
			);
			path = Services;
			sourceTree = "<group>";
		};
		130666DD29CEDFE500AACEE6 /* Views */ = {
			isa = PBXGroup;
			children = (
				1306672629CEE19B00AACEE6 /* RootView.swift */,
				13DE94B92A16848700D43105 /* SplashView.swift */,
				13DE94BB2A16853400D43105 /* Login */,
				1306673129CEE19C00AACEE6 /* Calendar */,
				1306674629CEE19C00AACEE6 /* CheckList */,
				6FE8908029DC5C6000A6B35C /* SNS */,
				1306672129CEE15A00AACEE6 /* TimeTable */,
				13FAE43E2A1DD27F007C3C5D /* Setting */,
			);
			path = Views;
			sourceTree = "<group>";
		};
		130666DE29CEDFEE00AACEE6 /* ViewModels */ = {
			isa = PBXGroup;
			children = (
				1306677F29CEE1D300AACEE6 /* CalendarViewModel.swift */,
				1306677C29CEE1D300AACEE6 /* CheckListViewModel.swift */,
				1306677E29CEE1D300AACEE6 /* ScheduleFormViewModel.swift */,
				1306677D29CEE1D300AACEE6 /* TodoAddViewModel.swift */,
				13D9B5AE29D5E6E400109C0E /* TimeTableViewModel.swift */,
				6F54DF4C29DD63C2002FAD7F /* PostViewModel.swift */,
				6FA3AFED2A08CD4A00FD7F9D /* UserProfileViewModel.swift */,
				6F62F4952A0BA212001BA364 /* ImagePickerViewModel.swift */,
				6F62F49B2A0C3DAD001BA364 /* PostFormViewModel.swift */,
				AE5085B42A16B07F00A373BC /* AuthViewModel.swift */,
				6F0B0F782A0EABC00003F313 /* CommentFormViewModel.swift */,
			);
			path = ViewModels;
			sourceTree = "<group>";
		};
		130666DF29CEDFF300AACEE6 /* Components */ = {
			isa = PBXGroup;
			children = (
				1306678529CEE1E300AACEE6 /* CategoryModal.swift */,
				1306678929CEE1E300AACEE6 /* CompleteButton.swift */,
				1306678A29CEE1E300AACEE6 /* CustomDatePicker.swift */,
				1306678C29CEE1E300AACEE6 /* DayButton.swift */,
				1306678B29CEE1E300AACEE6 /* EmptySectionView.swift */,
				1306678429CEE1E300AACEE6 /* Modal.swift */,
				1306678829CEE1E300AACEE6 /* CustomToggleStyle.swift */,
				1306678629CEE1E300AACEE6 /* StarButton.swift */,
				6F54DF5E29DDCA26002FAD7F /* PopupImagePicker.swift */,
				6F1F9A222A00E36600C4ABF4 /* DropdownMenu.swift */,
				6F1F9A282A013C2F00C4ABF4 /* FeedImage.swift */,
				6F50BC332A0233A700AB7350 /* HaruHeader.swift */,
				6F8D8C412A02547300A32988 /* CustomNavBar.swift */,
				6FBB613C2A0D7131001A6DA3 /* TextFieldDynamicWidth.swift */,
				139224272A210340002894B2 /* CustomTabView.swift */,
			);
			path = Components;
			sourceTree = "<group>";
		};
		130666E029CEDFF900AACEE6 /* Extensions */ = {
			isa = PBXGroup;
			children = (
				1306679829CEE1F200AACEE6 /* AnyTransition.swift */,
				1306679929CEE1F200AACEE6 /* Border.swift */,
				1306679E29CEE1F200AACEE6 /* Color.swift */,
				1306679A29CEE1F200AACEE6 /* Data.swift */,
				1306679B29CEE1F200AACEE6 /* Date.swift */,
				6F566C8229CEEE73000F0555 /* Font.swift */,
				1306679C29CEE1F200AACEE6 /* ShapeStyle.swift */,
				1306679729CEE1F200AACEE6 /* UINavigationController.swift */,
				1306679D29CEE1F200AACEE6 /* View.swift */,
				6F1082CA2A0E55D300CB89DB /* String.swift */,
				6F9AE8642A21F26D00BD5269 /* UIApplication.swift */,
				6F61A95A2A246C79002609D6 /* KeyboardReadable.swift */,
			);
			path = Extensions;
			sourceTree = "<group>";
		};
		130666E129CEDFFD00AACEE6 /* Utilities */ = {
			isa = PBXGroup;
			children = (
				130667B229CEE20A00AACEE6 /* CalendarHelper.swift */,
				6FBB613E2A0D79BA001A6DA3 /* MouseInsideModifier.swift */,
				6F1082C82A0E4A9100CB89DB /* ImageCache.swift */,
				AE5085BC2A16C9C200A373BC /* KeyChainService.swift */,
			);
			path = Utilities;
			sourceTree = "<group>";
		};
		130666E229CEE01800AACEE6 /* Enumerations */ = {
			isa = PBXGroup;
			children = (
				6F86EF1D29D0EBCA002436A5 /* AlarmOption.swift */,
				130667AC29CEE1FE00AACEE6 /* Calendar.swift */,
				1356621729D1EE29003CAD1B /* DefaultTag.swift */,
				130667A829CEE1FE00AACEE6 /* RepeatOption.swift */,
				6F87A5C929D3022C002711D7 /* ScheduleFormMode.swift */,
				130667A929CEE1FE00AACEE6 /* TodoAddMode.swift */,
				6F62F4912A0B62DB001BA364 /* PostOption.swift */,
				6F62F4972A0BAFA9001BA364 /* ImagePickerMode.swift */,
				139F99622A0BA12500BD56C7 /* RepeatAt.swift */,
				139224292A210AE3002894B2 /* Tab.swift */,
			);
			path = Enumerations;
			sourceTree = "<group>";
		};
		1306672129CEE15A00AACEE6 /* TimeTable */ = {
			isa = PBXGroup;
			children = (
				134F5FED29DD356C0072704B /* ScheduleItemView.swift */,
				134F5FEF29DD7BE80072704B /* ScheduleTopItemView.swift */,
				1306672229CEE15A00AACEE6 /* TimeTableMainView.swift */,
				134F5FF129DF1A240072704B /* TimeTableScheduleTopView.swift */,
				13AFA8B529D6CB2100DC1011 /* TimeTableScheduleView.swift */,
				13D9B5AC29D5DDA100109C0E /* TimeTableTodoView.swift */,
				134F5FF329DF1FF90072704B /* TimeTableTodoRow.swift */,
				134F5FF529DF20160072704B /* TimeTableTodoItem.swift */,
			);
			path = TimeTable;
			sourceTree = "<group>";
		};
		1306673129CEE19C00AACEE6 /* Calendar */ = {
			isa = PBXGroup;
			children = (
				1306673229CEE19C00AACEE6 /* CalendarDayView.swift */,
				1306673329CEE19C00AACEE6 /* CategoryView.swift */,
				1306673429CEE19C00AACEE6 /* CalendarDayDetailView.swift */,
				1306673529CEE19C00AACEE6 /* CalendarOptionView.swift */,
				1306673629CEE19C00AACEE6 /* CategoryFormView.swift */,
				1306673729CEE19C00AACEE6 /* ScheduleFormView.swift */,
				1306673829CEE19C00AACEE6 /* CalendarDateItem.swift */,
				1306673929CEE19C00AACEE6 /* CalendarWeekView.swift */,
				1306673A29CEE19C00AACEE6 /* CalendarMainView.swift */,
				1306673B29CEE19C00AACEE6 /* CalendarDateView.swift */,
				1306673C29CEE19C00AACEE6 /* CalendarScheduleItem.swift */,
				6FD912C729D5F4DD00B4545F /* SlideOptionView.swift */,
				6FD912CB29D6D1DF00B4545F /* AlarmView.swift */,
			);
			path = Calendar;
			sourceTree = "<group>";
		};
		1306674629CEE19C00AACEE6 /* CheckList */ = {
			isa = PBXGroup;
			children = (
				1306674729CEE19C00AACEE6 /* TodoView.swift */,
				1306674829CEE19C00AACEE6 /* ListView.swift */,
				1306674929CEE19C00AACEE6 /* CheckListView.swift */,
				1306674A29CEE19C00AACEE6 /* ListSectionView.swift */,
				1306674B29CEE19C00AACEE6 /* TodoAddView.swift */,
				1306674C29CEE19C00AACEE6 /* TagView.swift */,
				1306674D29CEE19C00AACEE6 /* TagListView.swift */,
				1306674E29CEE19C00AACEE6 /* SubTodoView.swift */,
				1306674F29CEE19C00AACEE6 /* HaruView.swift */,
				1306675029CEE19C00AACEE6 /* HaruLinkView.swift */,
				13FB7E9929F65A7E006DEE87 /* TagManageView.swift */,
				13C653602A17B73E00A7E866 /* TagDetailView.swift */,
			);
			path = CheckList;
			sourceTree = "<group>";
		};
		13A57DC02A1359430010A481 /* State */ = {
			isa = PBXGroup;
			children = (
				13A57DBC2A13587E0010A481 /* TodoState.swift */,
				13A57DBE2A1358B40010A481 /* ScheduleState.swift */,
			);
			path = State;
			sourceTree = "<group>";
		};
		13DE94BB2A16853400D43105 /* Login */ = {
			isa = PBXGroup;
			children = (
				13DE94BC2A16854500D43105 /* LoginView.swift */,
				AE5085BF2A176B2B00A373BC /* SignInWithAppleButton.swift */,
				1342D4DB2A1F7A74006758E9 /* SignUpView.swift */,
			);
			path = Login;
			sourceTree = "<group>";
		};
		13FAE43E2A1DD27F007C3C5D /* Setting */ = {
			isa = PBXGroup;
			children = (
				13FAE43F2A1DD32D007C3C5D /* MyView.swift */,
				13FAE4412A1DDA30007C3C5D /* SettingView.swift */,
				1342D4DD2A1FBDB0006758E9 /* SettingHeader.swift */,
				1342D4DF2A1FBE87006758E9 /* AccountView.swift */,
				1342D4E12A1FD4EC006758E9 /* PrivacyView.swift */,
				1392241B2A20A765002894B2 /* ScreenView.swift */,
				1392241D2A20A7C0002894B2 /* InformationView.swift */,
			);
			path = Setting;
			sourceTree = "<group>";
		};
		6FE8908029DC5C6000A6B35C /* SNS */ = {
			isa = PBXGroup;
			children = (
				6FE8908129DC5D4600A6B35C /* SNSView.swift */,
				6FE8908329DC5F2500A6B35C /* ProfileImgView.swift */,
				6F54DF4829DC6B02002FAD7F /* ProfileInfoView.swift */,
				6F360A142A15EC9C00D64BB6 /* MediaListView.swift */,
				6F54DF4A29DC813D002FAD7F /* MediaView.swift */,
				6F360A162A15ECCB00D64BB6 /* HashTagView.swift */,
				6F54DF5429DD7B85002FAD7F /* FeedListView.swift */,
				6F54DF5629DD7C33002FAD7F /* FeedView.swift */,
				6F54DF5829DD919C002FAD7F /* ProfileFormView.swift */,
				6F1F9A242A01212000C4ABF4 /* LookAroundView.swift */,
				6F1F9A2A2A014A0F00C4ABF4 /* FriendView.swift */,
				6F8D8C472A02B80300A32988 /* PostFormView.swift */,
				6F62F4992A0C3C34001BA364 /* PostFormPreView.swift */,
				6FBB613A2A0D49FD001A6DA3 /* CommentView.swift */,
				6FCD09B42A1E532D003F7AB8 /* ProfileView.swift */,
				6F61A95C2A248181002609D6 /* CommentListView.swift */,
			);
			path = SNS;
			sourceTree = "<group>";
		};
/* End PBXGroup section */

/* Begin PBXNativeTarget section */
		130666C729CEDF4A00AACEE6 /* Haru */ = {
			isa = PBXNativeTarget;
			buildConfigurationList = 130666D629CEDF4B00AACEE6 /* Build configuration list for PBXNativeTarget "Haru" */;
			buildPhases = (
				130666C429CEDF4A00AACEE6 /* Sources */,
				130666C529CEDF4A00AACEE6 /* Frameworks */,
				130667B729CEE30200AACEE6 /* Resources */,
			);
			buildRules = (
			);
			dependencies = (
			);
			name = Haru;
			packageProductDependencies = (
				130667C429CEE33200AACEE6 /* Alamofire */,
				130667C729CEE35400AACEE6 /* PopupView */,
				130667CA29CEE38500AACEE6 /* SwiftUIPager */,
				AE5085A12A169A7200A373BC /* KakaoSDK */,
				AE5085A32A169A7200A373BC /* KakaoSDKAuth */,
				AE5085A52A169A7200A373BC /* KakaoSDKCommon */,
				AE5085A72A169A7200A373BC /* KakaoSDKNavi */,
				AE5085A92A169A7200A373BC /* KakaoSDKShare */,
				AE5085AB2A169A7200A373BC /* KakaoSDKStory */,
				AE5085AD2A169A7200A373BC /* KakaoSDKTalk */,
				AE5085AF2A169A7200A373BC /* KakaoSDKTemplate */,
				AE5085B12A169A7200A373BC /* KakaoSDKUser */,
			);
			productName = Haru;
			productReference = 130666C829CEDF4A00AACEE6 /* Haru.app */;
			productType = "com.apple.product-type.application";
		};
/* End PBXNativeTarget section */

/* Begin PBXProject section */
		130666C029CEDF4A00AACEE6 /* Project object */ = {
			isa = PBXProject;
			attributes = {
				BuildIndependentTargetsInParallel = 1;
				LastSwiftUpdateCheck = 1420;
				LastUpgradeCheck = 1420;
				TargetAttributes = {
					130666C729CEDF4A00AACEE6 = {
						CreatedOnToolsVersion = 14.2;
					};
				};
			};
			buildConfigurationList = 130666C329CEDF4A00AACEE6 /* Build configuration list for PBXProject "Haru" */;
			compatibilityVersion = "Xcode 14.0";
			developmentRegion = ko;
			hasScannedForEncodings = 0;
			knownRegions = (
				en,
				ko,
			);
			mainGroup = 130666BF29CEDF4A00AACEE6;
			packageReferences = (
				130667C329CEE33200AACEE6 /* XCRemoteSwiftPackageReference "Alamofire" */,
				130667C629CEE35400AACEE6 /* XCRemoteSwiftPackageReference "PopupView" */,
				130667C929CEE38500AACEE6 /* XCRemoteSwiftPackageReference "SwiftUIPager" */,
				AE5085A02A169A7200A373BC /* XCRemoteSwiftPackageReference "kakao-ios-sdk" */,
			);
			productRefGroup = 130666C929CEDF4A00AACEE6 /* Products */;
			projectDirPath = "";
			projectRoot = "";
			targets = (
				130666C729CEDF4A00AACEE6 /* Haru */,
			);
		};
/* End PBXProject section */

/* Begin PBXResourcesBuildPhase section */
		130667B729CEE30200AACEE6 /* Resources */ = {
			isa = PBXResourcesBuildPhase;
			buildActionMask = 2147483647;
			files = (
				130667C229CEE31900AACEE6 /* Preview Assets.xcassets in Resources */,
				130667B929CEE30E00AACEE6 /* Pretendard-Black.otf in Resources */,
				130667BA29CEE30E00AACEE6 /* Pretendard-Bold.otf in Resources */,
				130667BB29CEE30E00AACEE6 /* Pretendard-ExtraBold.otf in Resources */,
				130667BC29CEE30E00AACEE6 /* Pretendard-ExtraLight.otf in Resources */,
				130667BD29CEE30E00AACEE6 /* Pretendard-Light.otf in Resources */,
				130667BE29CEE30E00AACEE6 /* Pretendard-Medium.otf in Resources */,
				130667BF29CEE30E00AACEE6 /* Pretendard-Regular.otf in Resources */,
				130667C029CEE30E00AACEE6 /* Pretendard-SemiBold.otf in Resources */,
				130667C129CEE30E00AACEE6 /* Pretendard-Thin.otf in Resources */,
				130667B829CEE30800AACEE6 /* Assets.xcassets in Resources */,
			);
			runOnlyForDeploymentPostprocessing = 0;
		};
/* End PBXResourcesBuildPhase section */

/* Begin PBXSourcesBuildPhase section */
		130666C429CEDF4A00AACEE6 /* Sources */ = {
			isa = PBXSourcesBuildPhase;
			buildActionMask = 2147483647;
			files = (
				1306679129CEE1E300AACEE6 /* CustomToggleStyle.swift in Sources */,
				1306676229CEE19C00AACEE6 /* CategoryFormView.swift in Sources */,
				6F566C8329CEEE73000F0555 /* Font.swift in Sources */,
				130667AD29CEE1FE00AACEE6 /* RepeatOption.swift in Sources */,
				13A57DBF2A1358B40010A481 /* ScheduleState.swift in Sources */,
				1306671D29CEE14000AACEE6 /* TagService.swift in Sources */,
				6F86EF1E29D0EBCA002436A5 /* AlarmOption.swift in Sources */,
				AE5085B72A16B21100A373BC /* AuthService.swift in Sources */,
				6F62F4942A0BA14F001BA364 /* ImageAsset.swift in Sources */,
				1306677729CEE19C00AACEE6 /* TagView.swift in Sources */,
				1306676129CEE19C00AACEE6 /* CalendarOptionView.swift in Sources */,
				6F1F9A252A01212000C4ABF4 /* LookAroundView.swift in Sources */,
				1342D4DC2A1F7A74006758E9 /* SignUpView.swift in Sources */,
				6F360A172A15ECCB00D64BB6 /* HashTagView.swift in Sources */,
				134F5FEE29DD356C0072704B /* ScheduleItemView.swift in Sources */,
				1306672329CEE15A00AACEE6 /* TimeTableMainView.swift in Sources */,
				6F61A95D2A248181002609D6 /* CommentListView.swift in Sources */,
				6F1F9A2B2A014A0F00C4ABF4 /* FriendView.swift in Sources */,
				6F50BC342A0233A700AB7350 /* HaruHeader.swift in Sources */,
				13DE94BD2A16854500D43105 /* LoginView.swift in Sources */,
				1306677929CEE19C00AACEE6 /* SubTodoView.swift in Sources */,
				1342D4E02A1FBE87006758E9 /* AccountView.swift in Sources */,
				13AFA8B629D6CB2100DC1011 /* TimeTableScheduleView.swift in Sources */,
				130667A129CEE1F200AACEE6 /* AnyTransition.swift in Sources */,
				1392241E2A20A7C0002894B2 /* InformationView.swift in Sources */,
				1306678029CEE1D300AACEE6 /* CheckListViewModel.swift in Sources */,
				6FA3AFEE2A08CD4A00FD7F9D /* UserProfileViewModel.swift in Sources */,
				1342D4DE2A1FBDB0006758E9 /* SettingHeader.swift in Sources */,
				6FD912CC29D6D1DF00B4545F /* AlarmView.swift in Sources */,
				1306676429CEE19C00AACEE6 /* CalendarDateItem.swift in Sources */,
				130667A429CEE1F200AACEE6 /* Date.swift in Sources */,
				6F360A132A13AA4C00D64BB6 /* HashTag.swift in Sources */,
				6F54DF5929DD919C002FAD7F /* ProfileFormView.swift in Sources */,
				6FB144FD2A0A87D9006EA177 /* FriendService.swift in Sources */,
				6F360A152A15EC9C00D64BB6 /* MediaListView.swift in Sources */,
				6F8D8C442A027F4B00A32988 /* Post.swift in Sources */,
				1306678D29CEE1E300AACEE6 /* Modal.swift in Sources */,
				6F62F49A2A0C3C34001BA364 /* PostFormPreView.swift in Sources */,
				6F1082C72A0E43FF00CB89DB /* PostImage.swift in Sources */,
				130666CC29CEDF4A00AACEE6 /* HaruApp.swift in Sources */,
				1306671F29CEE14000AACEE6 /* CategoryService.swift in Sources */,
				1306671E29CEE14000AACEE6 /* CalendarService.swift in Sources */,
				6F62F4962A0BA212001BA364 /* ImagePickerViewModel.swift in Sources */,
				1306679229CEE1E300AACEE6 /* CompleteButton.swift in Sources */,
				134F5FF229DF1A240072704B /* TimeTableScheduleTopView.swift in Sources */,
				1306671229CEE13200AACEE6 /* SubTodo.swift in Sources */,
				6F1F9A292A013C2F00C4ABF4 /* FeedImage.swift in Sources */,
				6F62F4922A0B62DB001BA364 /* PostOption.swift in Sources */,
				130667A229CEE1F200AACEE6 /* Border.swift in Sources */,
				1306679529CEE1E300AACEE6 /* DayButton.swift in Sources */,
				1306677629CEE19C00AACEE6 /* TodoAddView.swift in Sources */,
				1306678129CEE1D300AACEE6 /* TodoAddViewModel.swift in Sources */,
				13C653612A17B73E00A7E866 /* TagDetailView.swift in Sources */,
				6F54DF5F29DDCA26002FAD7F /* PopupImagePicker.swift in Sources */,
				AE5085B52A16B07F00A373BC /* AuthViewModel.swift in Sources */,
				6F54DF4929DC6B02002FAD7F /* ProfileInfoView.swift in Sources */,
				6F1082CB2A0E55D300CB89DB /* String.swift in Sources */,
				1306678E29CEE1E300AACEE6 /* CategoryModal.swift in Sources */,
				130667AE29CEE1FE00AACEE6 /* TodoAddMode.swift in Sources */,
				13D9B5AD29D5DDA100109C0E /* TimeTableTodoView.swift in Sources */,
				1306671529CEE13200AACEE6 /* Alarm.swift in Sources */,
				1306671029CEE13200AACEE6 /* Schedule.swift in Sources */,
				1392241C2A20A765002894B2 /* ScreenView.swift in Sources */,
				13FAE4402A1DD32D007C3C5D /* MyView.swift in Sources */,
				AE5085B92A16B44200A373BC /* Auth.swift in Sources */,
				1306671129CEE13200AACEE6 /* Productivity.swift in Sources */,
				1306677529CEE19C00AACEE6 /* ListSectionView.swift in Sources */,
				6F54DF4B29DC813D002FAD7F /* MediaView.swift in Sources */,
				1306670D29CEE13200AACEE6 /* Day.swift in Sources */,
				1306679429CEE1E300AACEE6 /* EmptySectionView.swift in Sources */,
				139F99632A0BA12500BD56C7 /* RepeatAt.swift in Sources */,
				6F8D8C422A02547300A32988 /* CustomNavBar.swift in Sources */,
				13D9B5AF29D5E6E400109C0E /* TimeTableViewModel.swift in Sources */,
				130667A729CEE1F200AACEE6 /* Color.swift in Sources */,
				1306676829CEE19C00AACEE6 /* CalendarScheduleItem.swift in Sources */,
				13CE205D2A0A824200A7364B /* Holiday.swift in Sources */,
				6F54DF4F29DD640C002FAD7F /* ProfileService.swift in Sources */,
				6F87A5CA29D3022C002711D7 /* ScheduleFormMode.swift in Sources */,
				13A57DBD2A13587E0010A481 /* TodoState.swift in Sources */,
				130667A529CEE1F200AACEE6 /* ShapeStyle.swift in Sources */,
				1342D4E22A1FD4EC006758E9 /* PrivacyView.swift in Sources */,
				1306676629CEE19C00AACEE6 /* CalendarMainView.swift in Sources */,
				130666FA29CEE0AC00AACEE6 /* Global.swift in Sources */,
				1306671329CEE13200AACEE6 /* Todo.swift in Sources */,
				13FAE4422A1DDA30007C3C5D /* SettingView.swift in Sources */,
				1306676029CEE19C00AACEE6 /* CalendarDayDetailView.swift in Sources */,
				1306671429CEE13200AACEE6 /* User.swift in Sources */,
				6F1082C92A0E4A9100CB89DB /* ImageCache.swift in Sources */,
				1306670B29CEE13200AACEE6 /* DateValue.swift in Sources */,
				130667A029CEE1F200AACEE6 /* UINavigationController.swift in Sources */,
				AE5085BD2A16C9C200A373BC /* KeyChainService.swift in Sources */,
				6FCD09B52A1E532D003F7AB8 /* ProfileView.swift in Sources */,
				6F54DF5129DD6884002FAD7F /* Profile.swift in Sources */,
				1306676329CEE19C00AACEE6 /* ScheduleFormView.swift in Sources */,
				139224202A20C532002894B2 /* UserService.swift in Sources */,
				6F54DF5529DD7B85002FAD7F /* FeedListView.swift in Sources */,
				130667B429CEE20A00AACEE6 /* CalendarHelper.swift in Sources */,
				1356621829D1EE29003CAD1B /* DefaultTag.swift in Sources */,
				6FE8908229DC5D4600A6B35C /* SNSView.swift in Sources */,
				1306671629CEE13200AACEE6 /* Category.swift in Sources */,
				1306671C29CEE14000AACEE6 /* ScheduleService.swift in Sources */,
				1306675F29CEE19C00AACEE6 /* CategoryView.swift in Sources */,
				6FD912C829D5F4DD00B4545F /* SlideOptionView.swift in Sources */,
				6FE8908429DC5F2500A6B35C /* ProfileImgView.swift in Sources */,
				6F8D8C462A0281E500A32988 /* PostService.swift in Sources */,
				6F62F4982A0BAFA9001BA364 /* ImagePickerMode.swift in Sources */,
				130667A329CEE1F200AACEE6 /* Data.swift in Sources */,
				1306676529CEE19C00AACEE6 /* CalendarWeekView.swift in Sources */,
				1306670C29CEE13200AACEE6 /* TodoLog.swift in Sources */,
				1392242A2A210AE3002894B2 /* Tab.swift in Sources */,
				139224282A210340002894B2 /* CustomTabView.swift in Sources */,
				1306679329CEE1E300AACEE6 /* CustomDatePicker.swift in Sources */,
				6FBB613F2A0D79BA001A6DA3 /* MouseInsideModifier.swift in Sources */,
				1306677229CEE19C00AACEE6 /* TodoView.swift in Sources */,
				1306672029CEE14000AACEE6 /* TodoService.swift in Sources */,
				134F5FF029DD7BE80072704B /* ScheduleTopItemView.swift in Sources */,
				1306675E29CEE19C00AACEE6 /* CalendarDayView.swift in Sources */,
				1306676729CEE19C00AACEE6 /* CalendarDateView.swift in Sources */,
				1306678329CEE1D300AACEE6 /* CalendarViewModel.swift in Sources */,
				1306670E29CEE13200AACEE6 /* Tag.swift in Sources */,
				130667A629CEE1F200AACEE6 /* View.swift in Sources */,
				1306678F29CEE1E300AACEE6 /* StarButton.swift in Sources */,
				1306677A29CEE19C00AACEE6 /* HaruView.swift in Sources */,
				AE5085C02A176B2B00A373BC /* SignInWithAppleButton.swift in Sources */,
				134F5FF629DF20160072704B /* TimeTableTodoItem.swift in Sources */,
				1306677829CEE19C00AACEE6 /* TagListView.swift in Sources */,
				13FB7E9A29F65A7E006DEE87 /* TagManageView.swift in Sources */,
				1306675329CEE19C00AACEE6 /* RootView.swift in Sources */,
				6F0B0F792A0EABC00003F313 /* CommentFormViewModel.swift in Sources */,
				6F9AE8652A21F26D00BD5269 /* UIApplication.swift in Sources */,
				1306677B29CEE19C00AACEE6 /* HaruLinkView.swift in Sources */,
				1306670F29CEE13200AACEE6 /* Request.swift in Sources */,
				6F54DF5729DD7C33002FAD7F /* FeedView.swift in Sources */,
				6F0B0F772A0E9FE00003F313 /* CommentService.swift in Sources */,
				1306670A29CEE13200AACEE6 /* tagWithTodo.swift in Sources */,
				6FBB613B2A0D49FD001A6DA3 /* CommentView.swift in Sources */,
				6F54DF4D29DD63C2002FAD7F /* PostViewModel.swift in Sources */,
				1306677329CEE19C00AACEE6 /* ListView.swift in Sources */,
				6F62F49C2A0C3DAD001BA364 /* PostFormViewModel.swift in Sources */,
				130667B129CEE1FE00AACEE6 /* Calendar.swift in Sources */,
				6F8D8C482A02B80300A32988 /* PostFormView.swift in Sources */,
				6FBB613D2A0D7131001A6DA3 /* TextFieldDynamicWidth.swift in Sources */,
				13B424872A1E8C1900E68F88 /* Me.swift in Sources */,
				134F5FF429DF1FF90072704B /* TimeTableTodoRow.swift in Sources */,
				6F1F9A232A00E36600C4ABF4 /* DropdownMenu.swift in Sources */,
				1306677429CEE19C00AACEE6 /* CheckListView.swift in Sources */,
				130666FC29CEE0AC00AACEE6 /* Constants.swift in Sources */,
				6F61A95B2A246C79002609D6 /* KeyboardReadable.swift in Sources */,
				1306678229CEE1D300AACEE6 /* ScheduleFormViewModel.swift in Sources */,
				13DE94BA2A16848700D43105 /* SplashView.swift in Sources */,
			);
			runOnlyForDeploymentPostprocessing = 0;
		};
/* End PBXSourcesBuildPhase section */

/* Begin XCBuildConfiguration section */
		130666D429CEDF4B00AACEE6 /* Debug */ = {
			isa = XCBuildConfiguration;
			buildSettings = {
				ALWAYS_SEARCH_USER_PATHS = NO;
				CLANG_ANALYZER_NONNULL = YES;
				CLANG_ANALYZER_NUMBER_OBJECT_CONVERSION = YES_AGGRESSIVE;
				CLANG_CXX_LANGUAGE_STANDARD = "gnu++20";
				CLANG_ENABLE_MODULES = YES;
				CLANG_ENABLE_OBJC_ARC = YES;
				CLANG_ENABLE_OBJC_WEAK = YES;
				CLANG_WARN_BLOCK_CAPTURE_AUTORELEASING = YES;
				CLANG_WARN_BOOL_CONVERSION = YES;
				CLANG_WARN_COMMA = YES;
				CLANG_WARN_CONSTANT_CONVERSION = YES;
				CLANG_WARN_DEPRECATED_OBJC_IMPLEMENTATIONS = YES;
				CLANG_WARN_DIRECT_OBJC_ISA_USAGE = YES_ERROR;
				CLANG_WARN_DOCUMENTATION_COMMENTS = YES;
				CLANG_WARN_EMPTY_BODY = YES;
				CLANG_WARN_ENUM_CONVERSION = YES;
				CLANG_WARN_INFINITE_RECURSION = YES;
				CLANG_WARN_INT_CONVERSION = YES;
				CLANG_WARN_NON_LITERAL_NULL_CONVERSION = YES;
				CLANG_WARN_OBJC_IMPLICIT_RETAIN_SELF = YES;
				CLANG_WARN_OBJC_LITERAL_CONVERSION = YES;
				CLANG_WARN_OBJC_ROOT_CLASS = YES_ERROR;
				CLANG_WARN_QUOTED_INCLUDE_IN_FRAMEWORK_HEADER = YES;
				CLANG_WARN_RANGE_LOOP_ANALYSIS = YES;
				CLANG_WARN_STRICT_PROTOTYPES = YES;
				CLANG_WARN_SUSPICIOUS_MOVE = YES;
				CLANG_WARN_UNGUARDED_AVAILABILITY = YES_AGGRESSIVE;
				CLANG_WARN_UNREACHABLE_CODE = YES;
				CLANG_WARN__DUPLICATE_METHOD_MATCH = YES;
				COPY_PHASE_STRIP = NO;
				DEBUG_INFORMATION_FORMAT = dwarf;
				ENABLE_STRICT_OBJC_MSGSEND = YES;
				ENABLE_TESTABILITY = YES;
				GCC_C_LANGUAGE_STANDARD = gnu11;
				GCC_DYNAMIC_NO_PIC = NO;
				GCC_NO_COMMON_BLOCKS = YES;
				GCC_OPTIMIZATION_LEVEL = 0;
				GCC_PREPROCESSOR_DEFINITIONS = (
					"DEBUG=1",
					"$(inherited)",
				);
				GCC_WARN_64_TO_32_BIT_CONVERSION = YES;
				GCC_WARN_ABOUT_RETURN_TYPE = YES_ERROR;
				GCC_WARN_UNDECLARED_SELECTOR = YES;
				GCC_WARN_UNINITIALIZED_AUTOS = YES_AGGRESSIVE;
				GCC_WARN_UNUSED_FUNCTION = YES;
				GCC_WARN_UNUSED_VARIABLE = YES;
				IPHONEOS_DEPLOYMENT_TARGET = 16.2;
				MTL_ENABLE_DEBUG_INFO = INCLUDE_SOURCE;
				MTL_FAST_MATH = YES;
				ONLY_ACTIVE_ARCH = YES;
				SDKROOT = iphoneos;
				SWIFT_ACTIVE_COMPILATION_CONDITIONS = DEBUG;
				SWIFT_OPTIMIZATION_LEVEL = "-Onone";
			};
			name = Debug;
		};
		130666D529CEDF4B00AACEE6 /* Release */ = {
			isa = XCBuildConfiguration;
			buildSettings = {
				ALWAYS_SEARCH_USER_PATHS = NO;
				CLANG_ANALYZER_NONNULL = YES;
				CLANG_ANALYZER_NUMBER_OBJECT_CONVERSION = YES_AGGRESSIVE;
				CLANG_CXX_LANGUAGE_STANDARD = "gnu++20";
				CLANG_ENABLE_MODULES = YES;
				CLANG_ENABLE_OBJC_ARC = YES;
				CLANG_ENABLE_OBJC_WEAK = YES;
				CLANG_WARN_BLOCK_CAPTURE_AUTORELEASING = YES;
				CLANG_WARN_BOOL_CONVERSION = YES;
				CLANG_WARN_COMMA = YES;
				CLANG_WARN_CONSTANT_CONVERSION = YES;
				CLANG_WARN_DEPRECATED_OBJC_IMPLEMENTATIONS = YES;
				CLANG_WARN_DIRECT_OBJC_ISA_USAGE = YES_ERROR;
				CLANG_WARN_DOCUMENTATION_COMMENTS = YES;
				CLANG_WARN_EMPTY_BODY = YES;
				CLANG_WARN_ENUM_CONVERSION = YES;
				CLANG_WARN_INFINITE_RECURSION = YES;
				CLANG_WARN_INT_CONVERSION = YES;
				CLANG_WARN_NON_LITERAL_NULL_CONVERSION = YES;
				CLANG_WARN_OBJC_IMPLICIT_RETAIN_SELF = YES;
				CLANG_WARN_OBJC_LITERAL_CONVERSION = YES;
				CLANG_WARN_OBJC_ROOT_CLASS = YES_ERROR;
				CLANG_WARN_QUOTED_INCLUDE_IN_FRAMEWORK_HEADER = YES;
				CLANG_WARN_RANGE_LOOP_ANALYSIS = YES;
				CLANG_WARN_STRICT_PROTOTYPES = YES;
				CLANG_WARN_SUSPICIOUS_MOVE = YES;
				CLANG_WARN_UNGUARDED_AVAILABILITY = YES_AGGRESSIVE;
				CLANG_WARN_UNREACHABLE_CODE = YES;
				CLANG_WARN__DUPLICATE_METHOD_MATCH = YES;
				COPY_PHASE_STRIP = NO;
				DEBUG_INFORMATION_FORMAT = "dwarf-with-dsym";
				ENABLE_NS_ASSERTIONS = NO;
				ENABLE_STRICT_OBJC_MSGSEND = YES;
				GCC_C_LANGUAGE_STANDARD = gnu11;
				GCC_NO_COMMON_BLOCKS = YES;
				GCC_WARN_64_TO_32_BIT_CONVERSION = YES;
				GCC_WARN_ABOUT_RETURN_TYPE = YES_ERROR;
				GCC_WARN_UNDECLARED_SELECTOR = YES;
				GCC_WARN_UNINITIALIZED_AUTOS = YES_AGGRESSIVE;
				GCC_WARN_UNUSED_FUNCTION = YES;
				GCC_WARN_UNUSED_VARIABLE = YES;
				IPHONEOS_DEPLOYMENT_TARGET = 16.2;
				MTL_ENABLE_DEBUG_INFO = NO;
				MTL_FAST_MATH = YES;
				SDKROOT = iphoneos;
				SWIFT_COMPILATION_MODE = wholemodule;
				SWIFT_OPTIMIZATION_LEVEL = "-O";
				VALIDATE_PRODUCT = YES;
			};
			name = Release;
		};
		130666D729CEDF4B00AACEE6 /* Debug */ = {
			isa = XCBuildConfiguration;
			baseConfigurationReference = 6FDD752D2A18869700360FED /* env.xcconfig */;
			buildSettings = {
				ASSETCATALOG_COMPILER_APPICON_NAME = AppIcon;
				ASSETCATALOG_COMPILER_GLOBAL_ACCENT_COLOR_NAME = AccentColor;
				CODE_SIGN_ENTITLEMENTS = Haru/Haru.entitlements;
				CODE_SIGN_STYLE = Automatic;
				CURRENT_PROJECT_VERSION = 1;
				DEVELOPMENT_ASSET_PATHS = "\"Haru/Preview Content\"";
				DEVELOPMENT_TEAM = 55572WP5WW;
				ENABLE_PREVIEWS = YES;
				GENERATE_INFOPLIST_FILE = YES;
				INFOPLIST_FILE = Haru/Info.plist;
				INFOPLIST_KEY_NSPhotoLibraryAddUsageDescription = "Allow Access";
				INFOPLIST_KEY_NSPhotoLibraryUsageDescription = "하루에서 사진을 추가하기 위해 앨범에 접근합니다.";
				INFOPLIST_KEY_UIApplicationSceneManifest_Generation = YES;
				INFOPLIST_KEY_UIApplicationSupportsIndirectInputEvents = YES;
				INFOPLIST_KEY_UILaunchScreen_Generation = YES;
				INFOPLIST_KEY_UIStatusBarStyle = "";
				INFOPLIST_KEY_UISupportedInterfaceOrientations = UIInterfaceOrientationPortrait;
				INFOPLIST_KEY_UIUserInterfaceStyle = Light;
				LD_RUNPATH_SEARCH_PATHS = (
					"$(inherited)",
					"@executable_path/Frameworks",
				);
				MARKETING_VERSION = 1.0;
				PRODUCT_BUNDLE_IDENTIFIER = day23.Haru;
				PRODUCT_NAME = "$(TARGET_NAME)";
				SWIFT_EMIT_LOC_STRINGS = YES;
				SWIFT_VERSION = 5.0;
				TARGETED_DEVICE_FAMILY = "1,2";
			};
			name = Debug;
		};
		130666D829CEDF4B00AACEE6 /* Release */ = {
			isa = XCBuildConfiguration;
			baseConfigurationReference = 6FDD752D2A18869700360FED /* env.xcconfig */;
			buildSettings = {
				ASSETCATALOG_COMPILER_APPICON_NAME = AppIcon;
				ASSETCATALOG_COMPILER_GLOBAL_ACCENT_COLOR_NAME = AccentColor;
				CODE_SIGN_ENTITLEMENTS = Haru/Haru.entitlements;
				CODE_SIGN_STYLE = Automatic;
				CURRENT_PROJECT_VERSION = 1;
				DEVELOPMENT_ASSET_PATHS = "\"Haru/Preview Content\"";
				DEVELOPMENT_TEAM = 55572WP5WW;
				ENABLE_PREVIEWS = YES;
				GENERATE_INFOPLIST_FILE = YES;
				INFOPLIST_FILE = Haru/Info.plist;
				INFOPLIST_KEY_NSPhotoLibraryAddUsageDescription = "Allow Access";
				INFOPLIST_KEY_NSPhotoLibraryUsageDescription = "하루에서 사진을 추가하기 위해 앨범에 접근합니다.";
				INFOPLIST_KEY_UIApplicationSceneManifest_Generation = YES;
				INFOPLIST_KEY_UIApplicationSupportsIndirectInputEvents = YES;
				INFOPLIST_KEY_UILaunchScreen_Generation = YES;
				INFOPLIST_KEY_UIStatusBarStyle = "";
				INFOPLIST_KEY_UISupportedInterfaceOrientations = UIInterfaceOrientationPortrait;
				INFOPLIST_KEY_UIUserInterfaceStyle = Light;
				LD_RUNPATH_SEARCH_PATHS = (
					"$(inherited)",
					"@executable_path/Frameworks",
				);
				MARKETING_VERSION = 1.0;
				PRODUCT_BUNDLE_IDENTIFIER = day23.Haru;
				PRODUCT_NAME = "$(TARGET_NAME)";
				SWIFT_EMIT_LOC_STRINGS = YES;
				SWIFT_VERSION = 5.0;
				TARGETED_DEVICE_FAMILY = "1,2";
			};
			name = Release;
		};
/* End XCBuildConfiguration section */

/* Begin XCConfigurationList section */
		130666C329CEDF4A00AACEE6 /* Build configuration list for PBXProject "Haru" */ = {
			isa = XCConfigurationList;
			buildConfigurations = (
				130666D429CEDF4B00AACEE6 /* Debug */,
				130666D529CEDF4B00AACEE6 /* Release */,
			);
			defaultConfigurationIsVisible = 0;
			defaultConfigurationName = Release;
		};
		130666D629CEDF4B00AACEE6 /* Build configuration list for PBXNativeTarget "Haru" */ = {
			isa = XCConfigurationList;
			buildConfigurations = (
				130666D729CEDF4B00AACEE6 /* Debug */,
				130666D829CEDF4B00AACEE6 /* Release */,
			);
			defaultConfigurationIsVisible = 0;
			defaultConfigurationName = Release;
		};
/* End XCConfigurationList section */

/* Begin XCRemoteSwiftPackageReference section */
		130667C329CEE33200AACEE6 /* XCRemoteSwiftPackageReference "Alamofire" */ = {
			isa = XCRemoteSwiftPackageReference;
			repositoryURL = "https://github.com/Alamofire/Alamofire";
			requirement = {
				kind = upToNextMajorVersion;
				minimumVersion = 5.0.0;
			};
		};
		130667C629CEE35400AACEE6 /* XCRemoteSwiftPackageReference "PopupView" */ = {
			isa = XCRemoteSwiftPackageReference;
			repositoryURL = "https://github.com/exyte/PopupView";
			requirement = {
				kind = upToNextMajorVersion;
				minimumVersion = 2.0.0;
			};
		};
		130667C929CEE38500AACEE6 /* XCRemoteSwiftPackageReference "SwiftUIPager" */ = {
			isa = XCRemoteSwiftPackageReference;
			repositoryURL = "https://github.com/fermoya/SwiftUIPager";
			requirement = {
				kind = upToNextMajorVersion;
				minimumVersion = 2.0.0;
			};
		};
		AE5085A02A169A7200A373BC /* XCRemoteSwiftPackageReference "kakao-ios-sdk" */ = {
			isa = XCRemoteSwiftPackageReference;
			repositoryURL = "https://github.com/kakao/kakao-ios-sdk";
			requirement = {
				kind = upToNextMajorVersion;
				minimumVersion = 2.0.0;
			};
		};
/* End XCRemoteSwiftPackageReference section */

/* Begin XCSwiftPackageProductDependency section */
		130667C429CEE33200AACEE6 /* Alamofire */ = {
			isa = XCSwiftPackageProductDependency;
			package = 130667C329CEE33200AACEE6 /* XCRemoteSwiftPackageReference "Alamofire" */;
			productName = Alamofire;
		};
		130667C729CEE35400AACEE6 /* PopupView */ = {
			isa = XCSwiftPackageProductDependency;
			package = 130667C629CEE35400AACEE6 /* XCRemoteSwiftPackageReference "PopupView" */;
			productName = PopupView;
		};
		130667CA29CEE38500AACEE6 /* SwiftUIPager */ = {
			isa = XCSwiftPackageProductDependency;
			package = 130667C929CEE38500AACEE6 /* XCRemoteSwiftPackageReference "SwiftUIPager" */;
			productName = SwiftUIPager;
		};
		AE5085A12A169A7200A373BC /* KakaoSDK */ = {
			isa = XCSwiftPackageProductDependency;
			package = AE5085A02A169A7200A373BC /* XCRemoteSwiftPackageReference "kakao-ios-sdk" */;
			productName = KakaoSDK;
		};
		AE5085A32A169A7200A373BC /* KakaoSDKAuth */ = {
			isa = XCSwiftPackageProductDependency;
			package = AE5085A02A169A7200A373BC /* XCRemoteSwiftPackageReference "kakao-ios-sdk" */;
			productName = KakaoSDKAuth;
		};
		AE5085A52A169A7200A373BC /* KakaoSDKCommon */ = {
			isa = XCSwiftPackageProductDependency;
			package = AE5085A02A169A7200A373BC /* XCRemoteSwiftPackageReference "kakao-ios-sdk" */;
			productName = KakaoSDKCommon;
		};
		AE5085A72A169A7200A373BC /* KakaoSDKNavi */ = {
			isa = XCSwiftPackageProductDependency;
			package = AE5085A02A169A7200A373BC /* XCRemoteSwiftPackageReference "kakao-ios-sdk" */;
			productName = KakaoSDKNavi;
		};
		AE5085A92A169A7200A373BC /* KakaoSDKShare */ = {
			isa = XCSwiftPackageProductDependency;
			package = AE5085A02A169A7200A373BC /* XCRemoteSwiftPackageReference "kakao-ios-sdk" */;
			productName = KakaoSDKShare;
		};
		AE5085AB2A169A7200A373BC /* KakaoSDKStory */ = {
			isa = XCSwiftPackageProductDependency;
			package = AE5085A02A169A7200A373BC /* XCRemoteSwiftPackageReference "kakao-ios-sdk" */;
			productName = KakaoSDKStory;
		};
		AE5085AD2A169A7200A373BC /* KakaoSDKTalk */ = {
			isa = XCSwiftPackageProductDependency;
			package = AE5085A02A169A7200A373BC /* XCRemoteSwiftPackageReference "kakao-ios-sdk" */;
			productName = KakaoSDKTalk;
		};
		AE5085AF2A169A7200A373BC /* KakaoSDKTemplate */ = {
			isa = XCSwiftPackageProductDependency;
			package = AE5085A02A169A7200A373BC /* XCRemoteSwiftPackageReference "kakao-ios-sdk" */;
			productName = KakaoSDKTemplate;
		};
		AE5085B12A169A7200A373BC /* KakaoSDKUser */ = {
			isa = XCSwiftPackageProductDependency;
			package = AE5085A02A169A7200A373BC /* XCRemoteSwiftPackageReference "kakao-ios-sdk" */;
			productName = KakaoSDKUser;
		};
/* End XCSwiftPackageProductDependency section */
	};
	rootObject = 130666C029CEDF4A00AACEE6 /* Project object */;
}
