{
  "pins" : [
    {
      "identity" : "alamofire",
      "kind" : "remoteSourceControl",
      "location" : "https://github.com/Alamofire/Alamofire",
      "state" : {
        "branch" : "master",
        "revision" : "81a29729e7dbfe7b976723843d0280926587a532"
      }
    }
  ],
  "version" : 2
}
