{
  "pins" : [
    {
      "identity" : "alamofire",
      "kind" : "remoteSourceControl",
      "location" : "https://github.com/Alamofire/Alamofire",
      "state" : {
        "revision" : "78424be314842833c04bc3bef5b72e85fff99204",
        "version" : "5.6.4"
      }
    },
    {
      "identity" : "kakao-ios-sdk",
      "kind" : "remoteSourceControl",
      "location" : "https://github.com/kakao/kakao-ios-sdk",
      "state" : {
        "revision" : "d788f9a5a888f16253b9c3d9f3bd794835708c3f",
        "version" : "2.15.0"
      }
    },
    {
      "identity" : "mantis",
      "kind" : "remoteSourceControl",
      "location" : "https://github.com/guoyingtao/Mantis.git",
      "state" : {
        "revision" : "62e4b08d51913bcf7e6853ad0d020aafea319b6b",
        "version" : "2.10.0"
      }
    },
    {
      "identity" : "popupview",
      "kind" : "remoteSourceControl",
      "location" : "https://github.com/exyte/PopupView.git",
      "state" : {
        "revision" : "2cfc7fd290e2f7402a51359f5c675023332b4df4",
        "version" : "2.1.1"
      }
    },
    {
      "identity" : "swiftuipager",
      "kind" : "remoteSourceControl",
      "location" : "https://github.com/fermoya/SwiftUIPager.git",
      "state" : {
        "revision" : "4ddc04c801aac143090bb14cf26603a3bf9c74cb",
        "version" : "2.5.0"
      }
    }
  ],
  "version" : 2
}
